<?xml version="1.0" encoding="utf-8"?>
<Project ToolsVersion="4.0" xmlns="http://schemas.microsoft.com/developer/msbuild/2003">
  <ItemGroup>
    <ClInclude Include="..\..\..\Engine\Shaders\Engine.Shaders.h" />
    <ClInclude Include="..\..\..\Engine\Shaders\Common\Common.h">
      <Filter>Common</Filter>
    </ClInclude>
    <ClInclude Include="..\..\..\Engine\Shaders\Pipeline\Pipeline.h">
      <Filter>Pipeline</Filter>
    </ClInclude>
    <ClInclude Include="..\..\..\Engine\Shaders\Pipeline\GL4PipelineCompiler.h">
      <Filter>Pipeline\Compilers</Filter>
    </ClInclude>
    <ClInclude Include="..\..\..\Engine\Shaders\Pipeline\VkPipelineCompiler.h">
      <Filter>Pipeline\Compilers</Filter>
    </ClInclude>
    <ClInclude Include="..\..\..\Engine\Shaders\Pipeline\BasePipelineCompiler.h">
      <Filter>Pipeline</Filter>
    </ClInclude>
    <ClInclude Include="..\..\..\Engine\Shaders\Shader\Node.h">
      <Filter>Shader</Filter>
    </ClInclude>
    <ClInclude Include="..\..\..\Engine\Shaders\Shader\VecTypes.h">
      <Filter>Shader</Filter>
    </ClInclude>
    <ClInclude Include="..\..\..\Engine\Shaders\Shader\Generated\VecSwizzle.h">
      <Filter>Shader\Generated</Filter>
    </ClInclude>
    <ClInclude Include="..\..\..\Engine\Shaders\Shader\OtherTypes.h">
      <Filter>Shader</Filter>
    </ClInclude>
    <ClInclude Include="..\..\..\Engine\Shaders\Shader\BufferTypes.h">
      <Filter>Shader</Filter>
    </ClInclude>
    <ClInclude Include="..\..\..\Engine\Shaders\Shader\ShaderNodes.h">
      <Filter>Shader</Filter>
    </ClInclude>
    <ClInclude Include="..\..\..\Engine\Shaders\Shader\ImageTypes.h">
      <Filter>Shader</Filter>
    </ClInclude>
    <ClInclude Include="..\..\..\Engine\Shaders\Shader\Helpers.h">
      <Filter>Shader</Filter>
    </ClInclude>
    <ClInclude Include="..\..\..\Engine\Shaders\Shader\Generated\AllNodeFuncs.0.h">
      <Filter>Shader\Generated</Filter>
    </ClInclude>
    <ClInclude Include="..\..\..\Engine\Shaders\Shader\Generated\AllNodeFuncs.1.h">
      <Filter>Shader\Generated</Filter>
    </ClInclude>
    <ClInclude Include="..\..\..\Engine\Shaders\Shader\Generated\AllNodeFuncs.h">
      <Filter>Shader\Generated</Filter>
    </ClInclude>
    <ClInclude Include="..\..\..\Engine\Shaders\Shader\Generated\AllNodeFuncs.Shared.h">
      <Filter>Shader\Generated</Filter>
    </ClInclude>
    <ClInclude Include="..\..\..\Engine\Shaders\Shader\Generated\AllNodeFuncs.2.h">
      <Filter>Shader\Generated</Filter>
    </ClInclude>
    <ClInclude Include="..\..\..\Engine\Shaders\Shader\Generated\GLSLNodeFuncs.Shared.h">
      <Filter>Shader\Generated</Filter>
    </ClInclude>
    <ClInclude Include="..\..\..\Engine\Shaders\Shader\ImageTypes.hpp">
      <Filter>Shader</Filter>
    </ClInclude>
    <ClInclude Include="..\..\..\Engine\Shaders\Shader\VecTypes.hpp">
      <Filter>Shader</Filter>
    </ClInclude>
    <ClInclude Include="..\..\..\Engine\Shaders\Shader\Generated\AllNodeFuncs.3.h">
      <Filter>Shader\Generated</Filter>
    </ClInclude>
    <ClInclude Include="..\..\..\Engine\Shaders\Shader\Generated\AllNodeFuncs.4.h">
      <Filter>Shader\Generated</Filter>
    </ClInclude>
    <ClInclude Include="..\..\..\Engine\Shaders\Shader\Generated\AllNodeFuncs.5.h">
      <Filter>Shader\Generated</Filter>
    </ClInclude>
    <ClInclude Include="..\..\..\Engine\Shaders\Shader\Generated\AllNodeFuncs.6.h">
      <Filter>Shader\Generated</Filter>
    </ClInclude>
    <ClInclude Include="..\..\..\Engine\Shaders\Shader\Generated\AllNodeFuncs.7.h">
      <Filter>Shader\Generated</Filter>
    </ClInclude>
    <ClInclude Include="..\..\..\Engine\Shaders\Shader\Generated\AllNodeFuncs.8.h">
      <Filter>Shader\Generated</Filter>
    </ClInclude>
    <ClInclude Include="..\..\..\Engine\Shaders\Shader\Generated\AllNodeFuncs.9.h">
      <Filter>Shader\Generated</Filter>
    </ClInclude>
    <ClInclude Include="..\..\..\Engine\Shaders\Shader\Generated\AllNodeFuncs.10.h">
      <Filter>Shader\Generated</Filter>
    </ClInclude>
    <ClInclude Include="..\..\..\Engine\Shaders\Shader\Generated\AllNodeFuncs.11.h">
      <Filter>Shader\Generated</Filter>
    </ClInclude>
  </ItemGroup>
  <ItemGroup>
    <Filter Include="Common">
      <UniqueIdentifier>{635a6715-1ea8-4a4a-aa03-8e32a91dc863}</UniqueIdentifier>
    </Filter>
    <Filter Include="FrameGraph">
      <UniqueIdentifier>{cad88f06-120f-4b6e-b149-8813e44c4acd}</UniqueIdentifier>
    </Filter>
    <Filter Include="RenderPass">
      <UniqueIdentifier>{d2ebc6de-9ead-4324-b2d4-ef7673822c4d}</UniqueIdentifier>
    </Filter>
    <Filter Include="Shader">
      <UniqueIdentifier>{af65661b-8f1d-4834-a9b2-b6082ace4442}</UniqueIdentifier>
    </Filter>
    <Filter Include="Pipeline">
      <UniqueIdentifier>{c2e56fb5-70db-4b05-8a96-fe521596bbdd}</UniqueIdentifier>
    </Filter>
    <Filter Include="Pipeline\Compilers">
      <UniqueIdentifier>{f58c09ca-2cd5-4d86-8316-0eec4ffee8c3}</UniqueIdentifier>
    </Filter>
    <Filter Include="Shader\Generated">
      <UniqueIdentifier>{a9385596-0ff1-4a68-9e24-b872b9450603}</UniqueIdentifier>
    </Filter>
  </ItemGroup>
  <ItemGroup>
    <ClCompile Include="..\..\..\Engine\Shaders\Pipeline\Pipeline.cpp">
      <Filter>Pipeline</Filter>
    </ClCompile>
    <ClCompile Include="..\..\..\Engine\Shaders\Pipeline\GL4PipelineCompiler.cpp">
      <Filter>Pipeline\Compilers</Filter>
    </ClCompile>
    <ClCompile Include="..\..\..\Engine\Shaders\Pipeline\VkPipelineCompiler.cpp">
      <Filter>Pipeline\Compilers</Filter>
    </ClCompile>
    <ClCompile Include="..\..\..\Engine\Shaders\Shader\Node.cpp">
      <Filter>Shader</Filter>
    </ClCompile>
    <ClCompile Include="..\..\..\Engine\Shaders\Shader\ShaderNodes.cpp">
      <Filter>Shader</Filter>
    </ClCompile>
    <ClCompile Include="..\..\..\Engine\Shaders\Shader\Generated\GLSLNodeFuncs.cpp">
      <Filter>Shader\Generated</Filter>
    </ClCompile>
    <ClCompile Include="..\..\..\Engine\Shaders\Shader\Generated\AllNodeFuncs.0.cpp">
      <Filter>Shader\Generated</Filter>
    </ClCompile>
    <ClCompile Include="..\..\..\Engine\Shaders\Shader\Generated\GLSLNodeFuncs.0.cpp">
      <Filter>Shader\Generated</Filter>
    </ClCompile>
    <ClCompile Include="..\..\..\Engine\Shaders\Shader\Generated\GLSLNodeFuncs.1.cpp">
      <Filter>Shader\Generated</Filter>
    </ClCompile>
    <ClCompile Include="..\..\..\Engine\Shaders\Shader\Generated\GLSLNodeFuncs.2.cpp">
      <Filter>Shader\Generated</Filter>
    </ClCompile>
    <ClCompile Include="..\..\..\Engine\Shaders\Shader\Generated\GLSLNodeFuncs.3.cpp">
      <Filter>Shader\Generated</Filter>
    </ClCompile>
    <ClCompile Include="..\..\..\Engine\Shaders\Shader\Generated\GLSLNodeFuncs.4.cpp">
      <Filter>Shader\Generated</Filter>
    </ClCompile>
    <ClCompile Include="..\..\..\Engine\Shaders\Shader\Generated\GLSLNodeFuncs.5.cpp">
      <Filter>Shader\Generated</Filter>
    </ClCompile>
    <ClCompile Include="..\..\..\Engine\Shaders\Shader\Generated\GLSLNodeFuncs.6.cpp">
      <Filter>Shader\Generated</Filter>
    </ClCompile>
  </ItemGroup>
</Project>