<?xml version="1.0" encoding="utf-8"?>
<Project ToolsVersion="4.0" xmlns="http://schemas.microsoft.com/developer/msbuild/2003">
  <ItemGroup>
    <ClInclude Include="..\..\..\Engine\Platforms\OpenGL\OpenGLContext.h">
      <Filter>OpenGL</Filter>
    </ClInclude>
    <ClInclude Include="..\..\..\Engine\Platforms\OpenGL\Impl\gl4.h">
      <Filter>OpenGL\Impl</Filter>
    </ClInclude>
    <ClInclude Include="..\..\..\Engine\Platforms\OpenGL\Windows\GLWinLibrary.h">
      <Filter>OpenGL\Windows</Filter>
    </ClInclude>
    <ClInclude Include="..\..\..\Engine\Platforms\OpenGL\Windows\GLWinContext.h">
      <Filter>OpenGL\Windows</Filter>
    </ClInclude>
    <ClInclude Include="..\..\..\Engine\Platforms\OpenGL\Impl\GL4Device.h">
      <Filter>OpenGL\Impl</Filter>
    </ClInclude>
    <ClInclude Include="..\..\..\Engine\Platforms\OpenGL\Impl\GL4BaseModule.h">
      <Filter>OpenGL\Impl</Filter>
    </ClInclude>
    <ClInclude Include="..\..\..\Engine\Platforms\OpenGL\Impl\GL4Enums.h">
      <Filter>OpenGL\Impl</Filter>
    </ClInclude>
    <ClInclude Include="..\..\..\Engine\Platforms\OpenGL\Impl\GL4Messages.h">
      <Filter>OpenGL\Impl</Filter>
    </ClInclude>
    <ClInclude Include="..\..\..\Engine\Platforms\OpenGL\Impl\GL4Sampler.h">
      <Filter>OpenGL\Impl</Filter>
    </ClInclude>
    <ClInclude Include="..\..\..\Engine\Platforms\OpenGL\Impl\GL4SystemFramebuffer.h">
      <Filter>OpenGL\Impl</Filter>
    </ClInclude>
    <ClInclude Include="..\..\..\Engine\Platforms\OpenGL\Impl\GL4Emulator.h">
      <Filter>OpenGL\Impl</Filter>
    </ClInclude>
    <ClInclude Include="..\..\..\Engine\Platforms\OpenGL\Impl\GL4FlippedSystemFramebuffer.h">
      <Filter>OpenGL\Impl</Filter>
    </ClInclude>
  </ItemGroup>
  <ItemGroup>
    <Filter Include="OpenGL">
      <UniqueIdentifier>{c6beecce-5a4b-49e7-b347-dd6689188a43}</UniqueIdentifier>
    </Filter>
    <Filter Include="OpenGL\Impl">
      <UniqueIdentifier>{bd29c2c5-462f-48f3-839f-71d82fd47f4a}</UniqueIdentifier>
    </Filter>
    <Filter Include="OpenGL\Windows">
      <UniqueIdentifier>{1a0404f8-3ca2-4a6f-a8f6-d674d1ae6400}</UniqueIdentifier>
    </Filter>
  </ItemGroup>
  <ItemGroup>
    <ClCompile Include="..\..\..\Engine\Platforms\OpenGL\OpenGLThread.cpp">
      <Filter>OpenGL</Filter>
    </ClCompile>
    <ClCompile Include="..\..\..\Engine\Platforms\OpenGL\OpenGLContext.cpp">
      <Filter>OpenGL</Filter>
    </ClCompile>
    <ClCompile Include="..\..\..\Engine\Platforms\OpenGL\Impl\gl4.cpp">
      <Filter>OpenGL\Impl</Filter>
    </ClCompile>
    <ClCompile Include="..\..\..\Engine\Platforms\OpenGL\Windows\GLWinLibrary.cpp">
      <Filter>OpenGL\Windows</Filter>
    </ClCompile>
    <ClCompile Include="..\..\..\Engine\Platforms\OpenGL\Windows\GLWinContext.cpp">
      <Filter>OpenGL\Windows</Filter>
    </ClCompile>
    <ClCompile Include="..\..\..\Engine\Platforms\OpenGL\Impl\GL4Device.cpp">
      <Filter>OpenGL\Impl</Filter>
    </ClCompile>
    <ClCompile Include="..\..\..\Engine\Platforms\OpenGL\Impl\GL4BaseModule.cpp">
      <Filter>OpenGL\Impl</Filter>
    </ClCompile>
    <ClCompile Include="..\..\..\Engine\Platforms\OpenGL\Impl\GL4Sampler.cpp">
      <Filter>OpenGL\Impl</Filter>
    </ClCompile>
    <ClCompile Include="..\..\..\Engine\Platforms\OpenGL\Impl\GL4Pipeline.cpp">
      <Filter>OpenGL\Impl</Filter>
    </ClCompile>
    <ClCompile Include="..\..\..\Engine\Platforms\OpenGL\Impl\GL4Image.cpp">
      <Filter>OpenGL\Impl</Filter>
    </ClCompile>
    <ClCompile Include="..\..\..\Engine\Platforms\OpenGL\Impl\GL4Buffer.cpp">
      <Filter>OpenGL\Impl</Filter>
    </ClCompile>
    <ClCompile Include="..\..\..\Engine\Platforms\OpenGL\Impl\GL4CommandBuilder.cpp">
      <Filter>OpenGL\Impl</Filter>
    </ClCompile>
    <ClCompile Include="..\..\..\Engine\Platforms\OpenGL\Impl\GL4CommandBuffer.cpp">
      <Filter>OpenGL\Impl</Filter>
    </ClCompile>
    <ClCompile Include="..\..\..\Engine\Platforms\OpenGL\Impl\GL4PipelineResourceTable.cpp">
      <Filter>OpenGL\Impl</Filter>
    </ClCompile>
    <ClCompile Include="..\..\..\Engine\Platforms\OpenGL\Impl\GL4RenderPass.cpp">
      <Filter>OpenGL\Impl</Filter>
    </ClCompile>
    <ClCompile Include="..\..\..\Engine\Platforms\OpenGL\Impl\GL4Framebuffer.cpp">
      <Filter>OpenGL\Impl</Filter>
    </ClCompile>
    <ClCompile Include="..\..\..\Engine\Platforms\OpenGL\Impl\GL4Memory.cpp">
      <Filter>OpenGL\Impl</Filter>
    </ClCompile>
  </ItemGroup>
</Project>