<?xml version="1.0" encoding="utf-8"?>
<Project ToolsVersion="4.0" xmlns="http://schemas.microsoft.com/developer/msbuild/2003">
  <ItemGroup>
    <ClInclude Include="..\..\..\Engine\Platforms\Engine.Platforms.h" />
    <ClInclude Include="..\..\..\Engine\Platforms\Common\Common.h">
      <Filter>Common</Filter>
    </ClInclude>
    <ClInclude Include="..\..\..\Engine\Platforms\Windows\WinPlatform.h">
      <Filter>Windows</Filter>
    </ClInclude>
    <ClInclude Include="..\..\..\Engine\Platforms\Windows\WinWindow.h">
      <Filter>Windows</Filter>
    </ClInclude>
    <ClInclude Include="..\..\..\Engine\Platforms\Shared\Window.h">
      <Filter>Shared</Filter>
    </ClInclude>
    <ClInclude Include="..\..\..\Engine\Platforms\Common\OSEnums.h">
      <Filter>Common</Filter>
    </ClInclude>
    <ClInclude Include="..\..\..\Engine\Platforms\Shared\Display.h">
      <Filter>Shared</Filter>
    </ClInclude>
    <ClInclude Include="..\..\..\Engine\Platforms\Shared\Platform.h">
      <Filter>Shared</Filter>
    </ClInclude>
    <ClInclude Include="..\..\..\Engine\Platforms\Shared\GpuContext.h">
      <Filter>Shared</Filter>
    </ClInclude>
    <ClInclude Include="..\..\..\Engine\Platforms\Vulkan\VulkanThread.h">
      <Filter>Vulkan</Filter>
    </ClInclude>
    <ClInclude Include="..\..\..\Engine\Platforms\Vulkan\VulkanContext.h">
      <Filter>Vulkan</Filter>
    </ClInclude>
    <ClInclude Include="..\..\..\Engine\Platforms\OpenGL\OpenGLThread.h">
      <Filter>OpenGL</Filter>
    </ClInclude>
    <ClInclude Include="..\..\..\Engine\Platforms\OpenGL\OpenGLContext.h">
      <Filter>OpenGL</Filter>
    </ClInclude>
    <ClInclude Include="..\..\..\Engine\Platforms\Shared\GpuThread.h">
      <Filter>Shared</Filter>
    </ClInclude>
    <ClInclude Include="..\..\..\Engine\Platforms\Shared\ScreenCoords.h">
      <Filter>Shared</Filter>
    </ClInclude>
    <ClInclude Include="..\..\..\Engine\Platforms\Windows\WinMouseInput.h">
      <Filter>Windows</Filter>
    </ClInclude>
    <ClInclude Include="..\..\..\Engine\Platforms\Windows\WinKeyInput.h">
      <Filter>Windows</Filter>
    </ClInclude>
    <ClInclude Include="..\..\..\Engine\Platforms\Common\GraphicsEnums.h">
      <Filter>Common</Filter>
    </ClInclude>
    <ClInclude Include="..\..\..\Engine\Platforms\Shared\Input.h">
      <Filter>Shared</Filter>
    </ClInclude>
    <ClInclude Include="..\..\..\Engine\Platforms\Input\InputManager.h">
      <Filter>Input</Filter>
    </ClInclude>
    <ClInclude Include="..\..\..\Engine\Platforms\Input\InputThread.h">
      <Filter>Input</Filter>
    </ClInclude>
  </ItemGroup>
  <ItemGroup>
    <Filter Include="Windows">
      <UniqueIdentifier>{a8d27de4-1fd9-4caa-92a3-5ed009265a88}</UniqueIdentifier>
    </Filter>
    <Filter Include="OpenGL">
      <UniqueIdentifier>{c6beecce-5a4b-49e7-b347-dd6689188a43}</UniqueIdentifier>
    </Filter>
    <Filter Include="Vulkan">
      <UniqueIdentifier>{5306d89f-a0ef-4dfa-ba5e-1ab1b69f7be2}</UniqueIdentifier>
    </Filter>
    <Filter Include="SDL">
      <UniqueIdentifier>{da2d4ff6-05f2-4c64-84d1-4e20f42076d0}</UniqueIdentifier>
    </Filter>
    <Filter Include="Common">
      <UniqueIdentifier>{ed7b960f-30e9-4150-8923-d577646b17b0}</UniqueIdentifier>
    </Filter>
    <Filter Include="Shared">
      <UniqueIdentifier>{e042a45b-d35d-4d99-8afc-94d4fa6b1ce1}</UniqueIdentifier>
    </Filter>
    <Filter Include="Oculus">
      <UniqueIdentifier>{223d88e2-6a84-46f6-a8da-dd7a194a721c}</UniqueIdentifier>
    </Filter>
    <Filter Include="Input">
      <UniqueIdentifier>{ed4b210c-8e79-4b37-b22a-7ca57fb74805}</UniqueIdentifier>
    </Filter>
  </ItemGroup>
  <ItemGroup>
    <ClCompile Include="..\..\..\Engine\Platforms\Windows\WinWindow.cpp">
      <Filter>Windows</Filter>
    </ClCompile>
    <ClCompile Include="..\..\..\Engine\Platforms\Windows\WinPlatform.cpp">
      <Filter>Windows</Filter>
    </ClCompile>
    <ClCompile Include="..\..\..\Engine\Platforms\Shared\Main.cpp">
      <Filter>Shared</Filter>
    </ClCompile>
    <ClCompile Include="..\..\..\Engine\Platforms\Windows\WinMouseInput.cpp">
      <Filter>Windows</Filter>
    </ClCompile>
    <ClCompile Include="..\..\..\Engine\Platforms\Windows\WinKeyInput.cpp">
      <Filter>Windows</Filter>
    </ClCompile>
    <ClCompile Include="..\..\..\Engine\Platforms\Input\InputThread.cpp">
      <Filter>Input</Filter>
    </ClCompile>
    <ClCompile Include="..\..\..\Engine\Platforms\Input\InputManager.cpp">
      <Filter>Input</Filter>
    </ClCompile>
  </ItemGroup>
</Project>