<?xml version="1.0" encoding="utf-8"?>
<Project ToolsVersion="4.0" xmlns="http://schemas.microsoft.com/developer/msbuild/2003">
  <ItemGroup>
    <ClInclude Include="..\..\..\Engine\Platforms\Engine.Platforms.h" />
    <ClInclude Include="..\..\..\Engine\Platforms\Common\Common.h">
      <Filter>Common</Filter>
    </ClInclude>
    <ClInclude Include="..\..\..\Engine\Platforms\Input\InputManager.h">
      <Filter>Input</Filter>
    </ClInclude>
    <ClInclude Include="..\..\..\Engine\Platforms\Shared\OS\Display.h">
      <Filter>Shared\OS</Filter>
    </ClInclude>
    <ClInclude Include="..\..\..\Engine\Platforms\Shared\OS\Input.h">
      <Filter>Shared\OS</Filter>
    </ClInclude>
    <ClInclude Include="..\..\..\Engine\Platforms\Shared\OS\Platform.h">
      <Filter>Shared\OS</Filter>
    </ClInclude>
    <ClInclude Include="..\..\..\Engine\Platforms\Shared\OS\ScreenCoords.h">
      <Filter>Shared\OS</Filter>
    </ClInclude>
    <ClInclude Include="..\..\..\Engine\Platforms\Shared\OS\Window.h">
      <Filter>Shared\OS</Filter>
    </ClInclude>
    <ClInclude Include="..\..\..\Engine\Platforms\Shared\OS\OSEnums.h">
      <Filter>Shared\OS</Filter>
    </ClInclude>
    <ClInclude Include="..\..\..\Engine\Platforms\Shared\GPU\PixelFormatEnums.h">
      <Filter>Shared\GPU</Filter>
    </ClInclude>
    <ClInclude Include="..\..\..\Engine\Platforms\Shared\GPU\MultiSamples.h">
      <Filter>Shared\GPU</Filter>
    </ClInclude>
    <ClInclude Include="..\..\..\Engine\Platforms\Shared\GPU\MipmapLevel.h">
      <Filter>Shared\GPU</Filter>
    </ClInclude>
    <ClInclude Include="..\..\..\Engine\Platforms\Shared\GPU\RenderStateEnums.h">
      <Filter>Shared\GPU</Filter>
    </ClInclude>
    <ClInclude Include="..\..\..\Engine\Platforms\Shared\GPU\Buffer.h">
      <Filter>Shared\GPU</Filter>
    </ClInclude>
    <ClInclude Include="..\..\..\Engine\Platforms\Shared\GPU\Context.h">
      <Filter>Shared\GPU</Filter>
    </ClInclude>
    <ClInclude Include="..\..\..\Engine\Platforms\Shared\GPU\Memory.h">
      <Filter>Shared\GPU</Filter>
    </ClInclude>
    <ClInclude Include="..\..\..\Engine\Platforms\Shared\GPU\Thread.h">
      <Filter>Shared\GPU</Filter>
    </ClInclude>
    <ClInclude Include="..\..\..\Engine\Platforms\Shared\GPU\Framebuffer.h">
      <Filter>Shared\GPU</Filter>
    </ClInclude>
    <ClInclude Include="..\..\..\Engine\Platforms\Shared\GPU\Sampler.h">
      <Filter>Shared\GPU</Filter>
    </ClInclude>
    <ClInclude Include="..\..\..\Engine\Platforms\Shared\GPU\RenderPass.h">
      <Filter>Shared\GPU</Filter>
    </ClInclude>
    <ClInclude Include="..\..\..\Engine\Platforms\Shared\GPU\BufferEnums.h">
      <Filter>Shared\GPU</Filter>
    </ClInclude>
    <ClInclude Include="..\..\..\Engine\Platforms\Shared\GPU\RenderState.h">
      <Filter>Shared\GPU</Filter>
    </ClInclude>
    <ClInclude Include="..\..\..\Engine\Platforms\Shared\GPU\RenderPassEnums.h">
      <Filter>Shared\GPU</Filter>
    </ClInclude>
    <ClInclude Include="..\..\..\Engine\Platforms\Shared\GPU\SamplerEnums.h">
      <Filter>Shared\GPU</Filter>
    </ClInclude>
    <ClInclude Include="..\..\..\Engine\Platforms\Shared\GPU\Pipeline.h">
      <Filter>Shared\GPU</Filter>
    </ClInclude>
    <ClInclude Include="..\..\..\Engine\Platforms\Shared\GPU\VertexAttribs.h">
      <Filter>Shared\GPU</Filter>
    </ClInclude>
    <ClInclude Include="..\..\..\Engine\Platforms\Shared\GPU\VertexEnums.h">
      <Filter>Shared\GPU</Filter>
    </ClInclude>
    <ClInclude Include="..\..\..\Engine\Platforms\Shared\GPU\VertexDescr.h">
      <Filter>Shared\GPU</Filter>
    </ClInclude>
    <ClInclude Include="..\..\..\Engine\Platforms\Shared\GPU\ShaderEnums.h">
      <Filter>Shared\GPU</Filter>
    </ClInclude>
    <ClInclude Include="..\..\..\Engine\Platforms\Shared\GPU\CommandBuffer.h">
      <Filter>Shared\GPU</Filter>
    </ClInclude>
    <ClInclude Include="..\..\..\Engine\Platforms\Shared\GPU\CommandEnums.h">
      <Filter>Shared\GPU</Filter>
    </ClInclude>
    <ClInclude Include="..\..\..\Engine\Platforms\Shared\GPU\MemoryEnums.h">
      <Filter>Shared\GPU</Filter>
    </ClInclude>
    <ClInclude Include="..\..\..\Engine\Platforms\Shared\GPU\VertexInputState.h">
      <Filter>Shared\GPU</Filter>
    </ClInclude>
    <ClInclude Include="..\..\..\Engine\Platforms\Shared\GPU\Enums.ToString.h">
      <Filter>Shared\GPU</Filter>
    </ClInclude>
    <ClInclude Include="..\..\..\Engine\Platforms\Shared\GPU\FragmentOutputState.h">
      <Filter>Shared\GPU</Filter>
    </ClInclude>
    <ClInclude Include="..\..\..\Engine\Platforms\Shared\GPU\Image.h">
      <Filter>Shared\GPU</Filter>
    </ClInclude>
    <ClInclude Include="..\..\..\Engine\Platforms\Shared\GPU\ImageEnums.h">
      <Filter>Shared\GPU</Filter>
    </ClInclude>
    <ClInclude Include="..\..\..\Engine\Platforms\Shared\GPU\ImgArrLayer.h">
      <Filter>Shared\GPU</Filter>
    </ClInclude>
    <ClInclude Include="..\..\..\Engine\Platforms\Shared\GPU\ObjectEnums.h">
      <Filter>Shared\GPU</Filter>
    </ClInclude>
    <ClInclude Include="..\..\..\Engine\Platforms\Shared\GPU\PipelineLayout.h">
      <Filter>Shared\GPU</Filter>
    </ClInclude>
    <ClInclude Include="..\..\..\Engine\Platforms\Shared\GPU\IDs.h">
      <Filter>Shared\GPU</Filter>
    </ClInclude>
    <ClInclude Include="..\..\..\Engine\Platforms\Shared\OS\IDs.h">
      <Filter>Shared\OS</Filter>
    </ClInclude>
    <ClInclude Include="..\..\..\Engine\Platforms\Shared\GPU\Uniforms.h">
      <Filter>Shared\GPU</Filter>
    </ClInclude>
    <ClInclude Include="..\..\..\Engine\Platforms\Shared\GPU\VR.h">
      <Filter>Shared\GPU</Filter>
    </ClInclude>
    <ClInclude Include="..\..\..\Engine\Platforms\Shared\OS\VR.h">
      <Filter>Shared\OS</Filter>
    </ClInclude>
  </ItemGroup>
  <ItemGroup>
    <Filter Include="SDL">
      <UniqueIdentifier>{da2d4ff6-05f2-4c64-84d1-4e20f42076d0}</UniqueIdentifier>
    </Filter>
    <Filter Include="Common">
      <UniqueIdentifier>{ed7b960f-30e9-4150-8923-d577646b17b0}</UniqueIdentifier>
    </Filter>
    <Filter Include="Shared">
      <UniqueIdentifier>{e042a45b-d35d-4d99-8afc-94d4fa6b1ce1}</UniqueIdentifier>
    </Filter>
    <Filter Include="Input">
      <UniqueIdentifier>{ed4b210c-8e79-4b37-b22a-7ca57fb74805}</UniqueIdentifier>
    </Filter>
    <Filter Include="Shared\GPU">
      <UniqueIdentifier>{12fb9329-1839-4e0d-9bdd-134a93154d26}</UniqueIdentifier>
    </Filter>
    <Filter Include="Shared\OS">
      <UniqueIdentifier>{0f738aac-a234-4dd5-9b2a-3dcf975e9537}</UniqueIdentifier>
    </Filter>
    <Filter Include="VR">
      <UniqueIdentifier>{223d88e2-6a84-46f6-a8da-dd7a194a721c}</UniqueIdentifier>
    </Filter>
  </ItemGroup>
  <ItemGroup>
    <ClCompile Include="..\..\..\Engine\Platforms\Input\InputThread.cpp">
      <Filter>Input</Filter>
    </ClCompile>
    <ClCompile Include="..\..\..\Engine\Platforms\Input\InputManager.cpp">
      <Filter>Input</Filter>
    </ClCompile>
    <ClCompile Include="..\..\..\Engine\Platforms\Shared\Main.cpp">
      <Filter>Shared</Filter>
    </ClCompile>
    <ClCompile Include="..\..\..\Engine\Platforms\Shared\GPU\RenderState.cpp">
      <Filter>Shared\GPU</Filter>
    </ClCompile>
    <ClCompile Include="..\..\..\Engine\Platforms\Shared\GPU\RenderPass.cpp">
      <Filter>Shared\GPU</Filter>
    </ClCompile>
    <ClCompile Include="..\..\..\Engine\Platforms\Shared\GPU\Sampler.cpp">
      <Filter>Shared\GPU</Filter>
    </ClCompile>
    <ClCompile Include="..\..\..\Engine\Platforms\Shared\GPU\Pipeline.cpp">
      <Filter>Shared\GPU</Filter>
    </ClCompile>
    <ClCompile Include="..\..\..\Engine\Platforms\Shared\GPU\Image.cpp">
      <Filter>Shared\GPU</Filter>
    </ClCompile>
    <ClCompile Include="..\..\..\Engine\Platforms\Shared\GPU\PipelineLayout.cpp">
      <Filter>Shared\GPU</Filter>
    </ClCompile>
    <ClCompile Include="..\..\..\Engine\Platforms\Shared\PipelineTemplate.cpp">
      <Filter>Shared</Filter>
    </ClCompile>
    <ClCompile Include="..\..\..\Engine\Platforms\Shared\GPU\VertexInputState.cpp">
      <Filter>Shared\GPU</Filter>
    </ClCompile>
  </ItemGroup>
</Project>