<?xml version="1.0" encoding="utf-8"?>
<Project ToolsVersion="4.0" xmlns="http://schemas.microsoft.com/developer/msbuild/2003">
  <ItemGroup>
    <ClInclude Include="..\..\..\Engine\STL\Common\AllFunc.h">
      <Filter>Common</Filter>
    </ClInclude>
    <ClInclude Include="..\..\..\Engine\STL\Common\Init.h">
      <Filter>Common</Filter>
    </ClInclude>
    <ClInclude Include="..\..\..\Engine\STL\Common\TypeId.h">
      <Filter>Common</Filter>
    </ClInclude>
    <ClInclude Include="..\..\..\Engine\STL\Common\Types.h">
      <Filter>Common</Filter>
    </ClInclude>
    <ClInclude Include="..\..\..\Engine\STL\Common\Uninitialized.h">
      <Filter>Common</Filter>
    </ClInclude>
    <ClInclude Include="..\..\..\Engine\STL\Common\Compilers\CompilerGCC.h">
      <Filter>Common\Compilers</Filter>
    </ClInclude>
    <ClInclude Include="..\..\..\Engine\STL\Common\Compilers\CompilerMSVC.h">
      <Filter>Common\Compilers</Filter>
    </ClInclude>
    <ClInclude Include="..\..\..\Engine\STL\Common\Platforms.h">
      <Filter>Common</Filter>
    </ClInclude>
    <ClInclude Include="..\..\..\Engine\STL\Defines\AuxiliaryDefines.h">
      <Filter>Defines</Filter>
    </ClInclude>
    <ClInclude Include="..\..\..\Engine\STL\Defines\Defines.h">
      <Filter>Defines</Filter>
    </ClInclude>
    <ClInclude Include="..\..\..\Engine\STL\Defines\EnumHelpers.h">
      <Filter>Defines</Filter>
    </ClInclude>
    <ClInclude Include="..\..\..\Engine\STL\Defines\Errors.h">
      <Filter>Defines</Filter>
    </ClInclude>
    <ClInclude Include="..\..\..\Engine\STL\Defines\OperatorHelpers.h">
      <Filter>Defines</Filter>
    </ClInclude>
    <ClInclude Include="..\..\..\Engine\STL\Defines\PublicMacro.h">
      <Filter>Defines</Filter>
    </ClInclude>
    <ClInclude Include="..\..\..\Engine\STL\CompileTime\CompileTimeChecks.h">
      <Filter>CompileTime</Filter>
    </ClInclude>
    <ClInclude Include="..\..\..\Engine\STL\CompileTime\CompileTimeDebug.h">
      <Filter>CompileTime</Filter>
    </ClInclude>
    <ClInclude Include="..\..\..\Engine\STL\CompileTime\NearType.h">
      <Filter>CompileTime</Filter>
    </ClInclude>
    <ClInclude Include="..\..\..\Engine\STL\CompileTime\NewTypeInfo.h">
      <Filter>CompileTime</Filter>
    </ClInclude>
    <ClInclude Include="..\..\..\Engine\STL\CompileTime\OldTypeInfo.h">
      <Filter>CompileTime</Filter>
    </ClInclude>
    <ClInclude Include="..\..\..\Engine\STL\CompileTime\PlainOldDataType.h">
      <Filter>CompileTime</Filter>
    </ClInclude>
    <ClInclude Include="..\..\..\Engine\STL\CompileTime\StaticFloat.h">
      <Filter>CompileTime</Filter>
    </ClInclude>
    <ClInclude Include="..\..\..\Engine\STL\CompileTime\StaticInteger.h">
      <Filter>CompileTime</Filter>
    </ClInclude>
    <ClInclude Include="..\..\..\Engine\STL\CompileTime\TemplateMath.h">
      <Filter>CompileTime</Filter>
    </ClInclude>
    <ClInclude Include="..\..\..\Engine\STL\CompileTime\TemplateUtils.h">
      <Filter>CompileTime</Filter>
    </ClInclude>
    <ClInclude Include="..\..\..\Engine\STL\CompileTime\TypeList.h">
      <Filter>CompileTime</Filter>
    </ClInclude>
    <ClInclude Include="..\..\..\Engine\STL\CompileTime\TypeListHelpers.h">
      <Filter>CompileTime</Filter>
    </ClInclude>
    <ClInclude Include="..\..\..\Engine\STL\CompileTime\TypeListUtils.h">
      <Filter>CompileTime</Filter>
    </ClInclude>
    <ClInclude Include="..\..\..\Engine\STL\CompileTime\TypeQualifier.h">
      <Filter>CompileTime</Filter>
    </ClInclude>
    <ClInclude Include="..\..\..\Engine\STL\CompileTime\TypeTraits.h">
      <Filter>CompileTime</Filter>
    </ClInclude>
    <ClInclude Include="..\..\..\Engine\STL\Algorithms\Crypt\SimpleCrypt.h">
      <Filter>Algorithms\Crypt</Filter>
    </ClInclude>
    <ClInclude Include="..\..\..\Engine\STL\Algorithms\Filters\GaussianFilter.h">
      <Filter>Algorithms\Filters</Filter>
    </ClInclude>
    <ClInclude Include="..\..\..\Engine\STL\Algorithms\FileAddress.h">
      <Filter>Algorithms</Filter>
    </ClInclude>
    <ClInclude Include="..\..\..\Engine\STL\Algorithms\Hash.h">
      <Filter>Algorithms</Filter>
    </ClInclude>
    <ClInclude Include="..\..\..\Engine\STL\Algorithms\Sorts.h">
      <Filter>Algorithms</Filter>
    </ClInclude>
    <ClInclude Include="..\..\..\Engine\STL\Algorithms\StringParser.h">
      <Filter>Algorithms</Filter>
    </ClInclude>
    <ClInclude Include="..\..\..\Engine\STL\Algorithms\StringUtils.h">
      <Filter>Algorithms</Filter>
    </ClInclude>
    <ClInclude Include="..\..\..\Engine\STL\Containers\Array.h">
      <Filter>Containers</Filter>
    </ClInclude>
    <ClInclude Include="..\..\..\Engine\STL\Containers\CircularQueue.h">
      <Filter>Containers</Filter>
    </ClInclude>
    <ClInclude Include="..\..\..\Engine\STL\Containers\HashMap.h">
      <Filter>Containers</Filter>
    </ClInclude>
    <ClInclude Include="..\..\..\Engine\STL\Containers\HashSet.h">
      <Filter>Containers</Filter>
    </ClInclude>
    <ClInclude Include="..\..\..\Engine\STL\Containers\Map.h">
      <Filter>Containers</Filter>
    </ClInclude>
    <ClInclude Include="..\..\..\Engine\STL\Containers\MapUtils.h">
      <Filter>Containers</Filter>
    </ClInclude>
    <ClInclude Include="..\..\..\Engine\STL\Containers\Pair.h">
      <Filter>Containers</Filter>
    </ClInclude>
    <ClInclude Include="..\..\..\Engine\STL\Containers\Queue.h">
      <Filter>Containers</Filter>
    </ClInclude>
    <ClInclude Include="..\..\..\Engine\STL\Containers\Set.h">
      <Filter>Containers</Filter>
    </ClInclude>
    <ClInclude Include="..\..\..\Engine\STL\Containers\Stack.h">
      <Filter>Containers</Filter>
    </ClInclude>
    <ClInclude Include="..\..\..\Engine\STL\Containers\StaticArray.h">
      <Filter>Containers</Filter>
    </ClInclude>
    <ClInclude Include="..\..\..\Engine\STL\Containers\StaticBitArray.h">
      <Filter>Containers</Filter>
    </ClInclude>
    <ClInclude Include="..\..\..\Engine\STL\Containers\String.h">
      <Filter>Containers</Filter>
    </ClInclude>
    <ClInclude Include="..\..\..\Engine\STL\Containers\UniBuffer.h">
      <Filter>Containers</Filter>
    </ClInclude>
    <ClInclude Include="..\..\..\Engine\STL\DataBase\SimpleDB.h">
      <Filter>DataBase</Filter>
    </ClInclude>
    <ClInclude Include="..\..\..\Engine\STL\Dimensions\ByteAndBit.h">
      <Filter>Dimensions</Filter>
    </ClInclude>
    <ClInclude Include="..\..\..\Engine\STL\Dimensions\Percentage.h">
      <Filter>Dimensions</Filter>
    </ClInclude>
    <ClInclude Include="..\..\..\Engine\STL\Dimensions\PhysicsDimension.h">
      <Filter>Dimensions</Filter>
    </ClInclude>
    <ClInclude Include="..\..\..\Engine\STL\Dimensions\PhysicsValue.h">
      <Filter>Dimensions</Filter>
    </ClInclude>
    <ClInclude Include="..\..\..\Engine\STL\Dimensions\PhysicsValueMath.h">
      <Filter>Dimensions</Filter>
    </ClInclude>
    <ClInclude Include="..\..\..\Engine\STL\Dimensions\PhysicsValueUtils.h">
      <Filter>Dimensions</Filter>
    </ClInclude>
    <ClInclude Include="..\..\..\Engine\STL\Dimensions\PhysicsValueVec.h">
      <Filter>Dimensions</Filter>
    </ClInclude>
    <ClInclude Include="..\..\..\Engine\STL\Dimensions\PhysicsValueVecI.h">
      <Filter>Dimensions</Filter>
    </ClInclude>
    <ClInclude Include="..\..\..\Engine\STL\Dimensions\RadiansAndDegrees.h">
      <Filter>Dimensions</Filter>
    </ClInclude>
    <ClInclude Include="..\..\..\Engine\STL\Experimental\FastMath.h">
      <Filter>Experimental</Filter>
    </ClInclude>
    <ClInclude Include="..\..\..\Engine\STL\Experimental\Fixed.h">
      <Filter>Experimental</Filter>
    </ClInclude>
    <ClInclude Include="..\..\..\Engine\STL\Experimental\Float.h">
      <Filter>Experimental</Filter>
    </ClInclude>
    <ClInclude Include="..\..\..\Engine\STL\Experimental\ScopeSetter.h">
      <Filter>Experimental</Filter>
    </ClInclude>
    <ClInclude Include="..\..\..\Engine\STL\Experimental\UFloat.h">
      <Filter>Experimental</Filter>
    </ClInclude>
    <ClInclude Include="..\..\..\Engine\STL\Files\BaseFile.h">
      <Filter>Files</Filter>
    </ClInclude>
    <ClInclude Include="..\..\..\Engine\STL\Files\CryptFile.h">
      <Filter>Files</Filter>
    </ClInclude>
    <ClInclude Include="..\..\..\Engine\STL\Files\HDDFile.h">
      <Filter>Files</Filter>
    </ClInclude>
    <ClInclude Include="..\..\..\Engine\STL\Files\LzmaFile.h">
      <Filter>Files</Filter>
    </ClInclude>
    <ClInclude Include="..\..\..\Engine\STL\Files\MemFile.h">
      <Filter>Files</Filter>
    </ClInclude>
    <ClInclude Include="..\..\..\Engine\STL\Files\SubFile.h">
      <Filter>Files</Filter>
    </ClInclude>
    <ClInclude Include="..\..\..\Engine\STL\Files\ZipFile.h">
      <Filter>Files</Filter>
    </ClInclude>
    <ClInclude Include="..\..\..\Engine\STL\Java\JavaArray.h">
      <Filter>Java</Filter>
    </ClInclude>
    <ClInclude Include="..\..\..\Engine\STL\Java\JavaClass.h">
      <Filter>Java</Filter>
    </ClInclude>
    <ClInclude Include="..\..\..\Engine\STL\Java\JavaEnvironment.h">
      <Filter>Java</Filter>
    </ClInclude>
    <ClInclude Include="..\..\..\Engine\STL\Java\JavaMethod.h">
      <Filter>Java</Filter>
    </ClInclude>
    <ClInclude Include="..\..\..\Engine\STL\Java\JavaMethodType.h">
      <Filter>Java</Filter>
    </ClInclude>
    <ClInclude Include="..\..\..\Engine\STL\Java\JavaString.h">
      <Filter>Java</Filter>
    </ClInclude>
    <ClInclude Include="..\..\..\Engine\STL\Java\JavaTypeInfo.h">
      <Filter>Java</Filter>
    </ClInclude>
    <ClInclude Include="..\..\..\Engine\STL\Log\ELog.h">
      <Filter>Log</Filter>
    </ClInclude>
    <ClInclude Include="..\..\..\Engine\STL\Log\Logger.h">
      <Filter>Log</Filter>
    </ClInclude>
    <ClInclude Include="..\..\..\Engine\STL\Math\2D\Circle.h">
      <Filter>Math\2D</Filter>
    </ClInclude>
    <ClInclude Include="..\..\..\Engine\STL\Math\2D\Line2.h">
      <Filter>Math\2D</Filter>
    </ClInclude>
    <ClInclude Include="..\..\..\Engine\STL\Math\2D\MathTypes2D.h">
      <Filter>Math\2D</Filter>
    </ClInclude>
    <ClInclude Include="..\..\..\Engine\STL\Math\2D\OrientedRectangle.h">
      <Filter>Math\2D</Filter>
    </ClInclude>
    <ClInclude Include="..\..\..\Engine\STL\Math\2D\Rectangle.h">
      <Filter>Math\2D</Filter>
    </ClInclude>
    <ClInclude Include="..\..\..\Engine\STL\Math\3D\CoordTransform3.h">
      <Filter>Math\3D</Filter>
    </ClInclude>
    <ClInclude Include="..\..\..\Engine\STL\Math\3D\Line3.h">
      <Filter>Math\3D</Filter>
    </ClInclude>
    <ClInclude Include="..\..\..\Engine\STL\Math\3D\MathTypes3D.h">
      <Filter>Math\3D</Filter>
    </ClInclude>
    <ClInclude Include="..\..\..\Engine\STL\Math\3D\PerspectiveCamera.h">
      <Filter>Math\3D</Filter>
    </ClInclude>
    <ClInclude Include="..\..\..\Engine\STL\Math\3D\Transform.h">
      <Filter>Math\3D</Filter>
    </ClInclude>
    <ClInclude Include="..\..\..\Engine\STL\Math\3D\Triangle.h">
      <Filter>Math\3D</Filter>
    </ClInclude>
    <ClInclude Include="..\..\..\Engine\STL\Math\Color\Color.h">
      <Filter>Math\Color</Filter>
    </ClInclude>
    <ClInclude Include="..\..\..\Engine\STL\Math\Color\ColorFormats.h">
      <Filter>Math\Color</Filter>
    </ClInclude>
    <ClInclude Include="..\..\..\Engine\STL\Math\Color\TR11G11B10F.h">
      <Filter>Math\Color</Filter>
    </ClInclude>
    <ClInclude Include="..\..\..\Engine\STL\Math\Color\TRGB9_E5.h">
      <Filter>Math\Color</Filter>
    </ClInclude>
    <ClInclude Include="..\..\..\Engine\STL\Math\Image\ImageUtils.h">
      <Filter>Math\Image</Filter>
    </ClInclude>
    <ClInclude Include="..\..\..\Engine\STL\Math\Rand\NormalDistribution.h">
      <Filter>Math\Rand</Filter>
    </ClInclude>
    <ClInclude Include="..\..\..\Engine\STL\Math\Rand\Pseudorandom.h">
      <Filter>Math\Rand</Filter>
    </ClInclude>
    <ClInclude Include="..\..\..\Engine\STL\Math\Rand\RandEngine.h">
      <Filter>Math\Rand</Filter>
    </ClInclude>
    <ClInclude Include="..\..\..\Engine\STL\Math\Rand\Random.h">
      <Filter>Math\Rand</Filter>
    </ClInclude>
    <ClInclude Include="..\..\..\Engine\STL\Math\Rand\RandomWithChance.h">
      <Filter>Math\Rand</Filter>
    </ClInclude>
    <ClInclude Include="..\..\..\Engine\STL\Math\Spline\Spline.h">
      <Filter>Math\Spline</Filter>
    </ClInclude>
    <ClInclude Include="..\..\..\Engine\STL\Math\Algebra.h">
      <Filter>Math</Filter>
    </ClInclude>
    <ClInclude Include="..\..\..\Engine\STL\Math\MathConstants.h">
      <Filter>Math</Filter>
    </ClInclude>
    <ClInclude Include="..\..\..\Engine\STL\Math\Mathematics.h">
      <Filter>Math</Filter>
    </ClInclude>
    <ClInclude Include="..\..\..\Engine\STL\Math\MathFunc.h">
      <Filter>Math</Filter>
    </ClInclude>
    <ClInclude Include="..\..\..\Engine\STL\Math\MathTypeCast.h">
      <Filter>Math</Filter>
    </ClInclude>
    <ClInclude Include="..\..\..\Engine\STL\Math\MathTypes.h">
      <Filter>Math</Filter>
    </ClInclude>
    <ClInclude Include="..\..\..\Engine\STL\Math\Matrix.h">
      <Filter>Math</Filter>
    </ClInclude>
    <ClInclude Include="..\..\..\Engine\STL\Math\Matrix2.h">
      <Filter>Math</Filter>
    </ClInclude>
    <ClInclude Include="..\..\..\Engine\STL\Math\Matrix3.h">
      <Filter>Math</Filter>
    </ClInclude>
    <ClInclude Include="..\..\..\Engine\STL\Math\Matrix4.h">
      <Filter>Math</Filter>
    </ClInclude>
    <ClInclude Include="..\..\..\Engine\STL\Math\MatrixCR.h">
      <Filter>Math</Filter>
    </ClInclude>
    <ClInclude Include="..\..\..\Engine\STL\Math\MatrixUtils.h">
      <Filter>Math</Filter>
    </ClInclude>
    <ClInclude Include="..\..\..\Engine\STL\Math\Quaternion.h">
      <Filter>Math</Filter>
    </ClInclude>
    <ClInclude Include="..\..\..\Engine\STL\Math\Vec.h">
      <Filter>Math</Filter>
    </ClInclude>
    <ClInclude Include="..\..\..\Engine\STL\Math\VecI.h">
      <Filter>Math</Filter>
    </ClInclude>
    <ClInclude Include="..\..\..\Engine\STL\Memory\Allocators.h">
      <Filter>Memory</Filter>
    </ClInclude>
    <ClInclude Include="..\..\..\Engine\STL\Memory\MemoryContainer.h">
      <Filter>Memory</Filter>
    </ClInclude>
    <ClInclude Include="..\..\..\Engine\STL\OS\Android\OSAndroid.h">
      <Filter>OS\Android</Filter>
    </ClInclude>
    <ClInclude Include="..\..\..\Engine\STL\OS\Base\Common.h">
      <Filter>OS\Base</Filter>
    </ClInclude>
    <ClInclude Include="..\..\..\Engine\STL\OS\Base\ConditionVariableEmulation.h">
      <Filter>OS\Base</Filter>
    </ClInclude>
    <ClInclude Include="..\..\..\Engine\STL\OS\Base\Date.h">
      <Filter>OS\Base</Filter>
    </ClInclude>
    <ClInclude Include="..\..\..\Engine\STL\OS\Base\ReadWriteSyncEmulation.h">
      <Filter>OS\Base</Filter>
    </ClInclude>
    <ClInclude Include="..\..\..\Engine\STL\OS\Base\SemaphoreEmulator.h">
      <Filter>OS\Base</Filter>
    </ClInclude>
    <ClInclude Include="..\..\..\Engine\STL\OS\Base\SyncEventEmulation.h">
      <Filter>OS\Base</Filter>
    </ClInclude>
    <ClInclude Include="..\..\..\Engine\STL\OS\Posix\AtomicOp.h">
      <Filter>OS\Posix</Filter>
    </ClInclude>
    <ClInclude Include="..\..\..\Engine\STL\OS\Posix\FileSystem.h">
      <Filter>OS\Posix</Filter>
    </ClInclude>
    <ClInclude Include="..\..\..\Engine\STL\OS\Posix\Library.h">
      <Filter>OS\Posix</Filter>
    </ClInclude>
    <ClInclude Include="..\..\..\Engine\STL\OS\Posix\OSPosix.h">
      <Filter>OS\Posix</Filter>
    </ClInclude>
    <ClInclude Include="..\..\..\Engine\STL\OS\Posix\RandDevice.h">
      <Filter>OS\Posix</Filter>
    </ClInclude>
    <ClInclude Include="..\..\..\Engine\STL\OS\Posix\SyncPrimitives.h">
      <Filter>OS\Posix</Filter>
    </ClInclude>
    <ClInclude Include="..\..\..\Engine\STL\OS\Posix\Thread.h">
      <Filter>OS\Posix</Filter>
    </ClInclude>
    <ClInclude Include="..\..\..\Engine\STL\OS\Posix\Timer.h">
      <Filter>OS\Posix</Filter>
    </ClInclude>
    <ClInclude Include="..\..\..\Engine\STL\OS\SDL\FileSystem.h">
      <Filter>OS\SDL</Filter>
    </ClInclude>
    <ClInclude Include="..\..\..\Engine\STL\OS\SDL\Library.h">
      <Filter>OS\SDL</Filter>
    </ClInclude>
    <ClInclude Include="..\..\..\Engine\STL\OS\SDL\OS_SDL.h">
      <Filter>OS\SDL</Filter>
    </ClInclude>
    <ClInclude Include="..\..\..\Engine\STL\OS\SDL\RandDevice.h">
      <Filter>OS\SDL</Filter>
    </ClInclude>
    <ClInclude Include="..\..\..\Engine\STL\OS\SDL\SDLUtils.h">
      <Filter>OS\SDL</Filter>
    </ClInclude>
    <ClInclude Include="..\..\..\Engine\STL\OS\SDL\SyncPrimitives.h">
      <Filter>OS\SDL</Filter>
    </ClInclude>
    <ClInclude Include="..\..\..\Engine\STL\OS\SDL\Thread.h">
      <Filter>OS\SDL</Filter>
    </ClInclude>
    <ClInclude Include="..\..\..\Engine\STL\OS\SDL\Timer.h">
      <Filter>OS\SDL</Filter>
    </ClInclude>
    <ClInclude Include="..\..\..\Engine\STL\OS\Windows\AtomicOp.h">
      <Filter>OS\Windows</Filter>
    </ClInclude>
    <ClInclude Include="..\..\..\Engine\STL\OS\Windows\Library.h">
      <Filter>OS\Windows</Filter>
    </ClInclude>
    <ClInclude Include="..\..\..\Engine\STL\OS\Windows\RandDevice.h">
      <Filter>OS\Windows</Filter>
    </ClInclude>
    <ClInclude Include="..\..\..\Engine\STL\OS\Windows\SyncPrimitives.h">
      <Filter>OS\Windows</Filter>
    </ClInclude>
    <ClInclude Include="..\..\..\Engine\STL\OS\Windows\Thread.h">
      <Filter>OS\Windows</Filter>
    </ClInclude>
    <ClInclude Include="..\..\..\Engine\STL\OS\Windows\Timer.h">
      <Filter>OS\Windows</Filter>
    </ClInclude>
    <ClInclude Include="..\..\..\Engine\STL\OS\OSLowLevel.h">
      <Filter>OS</Filter>
    </ClInclude>
    <ClInclude Include="..\..\..\Engine\STL\ScriptBindings\DefaultBindings.h">
      <Filter>ScriptBindings</Filter>
    </ClInclude>
    <ClInclude Include="..\..\..\Engine\STL\ScriptBindings\ScriptBinder.h">
      <Filter>ScriptBindings</Filter>
    </ClInclude>
    <ClInclude Include="..\..\..\Engine\STL\ScriptBindings\ScriptEngine.h">
      <Filter>ScriptBindings</Filter>
    </ClInclude>
    <ClInclude Include="..\..\..\Engine\STL\ScriptBindings\ScriptEnum.h">
      <Filter>ScriptBindings</Filter>
    </ClInclude>
    <ClInclude Include="..\..\..\Engine\STL\ScriptBindings\ScriptTypes.h">
      <Filter>ScriptBindings</Filter>
    </ClInclude>
    <ClInclude Include="..\..\..\Engine\STL\ThreadSafe\Atomic.h">
      <Filter>ThreadSafe</Filter>
    </ClInclude>
    <ClInclude Include="..\..\..\Engine\STL\ThreadSafe\AtomicPtr.h">
      <Filter>ThreadSafe</Filter>
    </ClInclude>
    <ClInclude Include="..\..\..\Engine\STL\ThreadSafe\MtFile.h">
      <Filter>ThreadSafe</Filter>
    </ClInclude>
    <ClInclude Include="..\..\..\Engine\STL\ThreadSafe\MtQueue.h">
      <Filter>ThreadSafe</Filter>
    </ClInclude>
    <ClInclude Include="..\..\..\Engine\STL\ThreadSafe\Singleton.h">
      <Filter>ThreadSafe</Filter>
    </ClInclude>
    <ClInclude Include="..\..\..\Engine\STL\Time\FloatTimeImpl.h">
      <Filter>Time</Filter>
    </ClInclude>
    <ClInclude Include="..\..\..\Engine\STL\Time\IntTimeImpl.h">
      <Filter>Time</Filter>
    </ClInclude>
    <ClInclude Include="..\..\..\Engine\STL\Time\Time.h">
      <Filter>Time</Filter>
    </ClInclude>
    <ClInclude Include="..\..\..\Engine\STL\Time\TimeProfiler.h">
      <Filter>Time</Filter>
    </ClInclude>
    <ClInclude Include="..\..\..\Engine\STL\Types\Bitfield.h">
      <Filter>Types</Filter>
    </ClInclude>
    <ClInclude Include="..\..\..\Engine\STL\Types\Limit.h">
      <Filter>Types</Filter>
    </ClInclude>
    <ClInclude Include="..\..\..\Engine\STL\Types\Noncopyable.h">
      <Filter>Types</Filter>
    </ClInclude>
    <ClInclude Include="..\..\..\Engine\STL\Types\Noninstancable.h">
      <Filter>Types</Filter>
    </ClInclude>
    <ClInclude Include="..\..\..\Engine\STL\Types\Optional.h">
      <Filter>Types</Filter>
    </ClInclude>
    <ClInclude Include="..\..\..\Engine\STL\Types\Ptr.h">
      <Filter>Types</Filter>
    </ClInclude>
    <ClInclude Include="..\..\..\Engine\STL\Types\StaticLimit.h">
      <Filter>Types</Filter>
    </ClInclude>
    <ClInclude Include="..\..\..\Engine\STL\Types\Union.h">
      <Filter>Types</Filter>
    </ClInclude>
    <ClInclude Include="..\..\..\Engine\STL\Types\UniquePtr.h">
      <Filter>Types</Filter>
    </ClInclude>
    <ClInclude Include="..\..\..\Engine\STL\Types\VariantRef.h">
      <Filter>Types</Filter>
    </ClInclude>
    <ClInclude Include="..\..\..\Engine\STL\DataBase\Utf8StringUtils.h">
      <Filter>DataBase</Filter>
    </ClInclude>
    <ClInclude Include="..\..\..\Engine\STL\Memory\MemoryViewer.h">
      <Filter>Memory</Filter>
    </ClInclude>
    <ClInclude Include="..\..\..\Engine\STL\Containers\CopyStrategy.h">
      <Filter>Containers</Filter>
    </ClInclude>
    <ClInclude Include="..\..\..\Engine\STL\Memory\PlacementNew.h">
      <Filter>Memory</Filter>
    </ClInclude>
    <ClInclude Include="..\..\..\Engine\STL\Memory\MemFunc.h">
      <Filter>Memory</Filter>
    </ClInclude>
    <ClInclude Include="..\..\..\Engine\STL\Algorithms\Enum.h">
      <Filter>Algorithms</Filter>
    </ClInclude>
    <ClInclude Include="..\..\..\Engine\STL\Algorithms\ArrayUtils.h">
      <Filter>Algorithms</Filter>
    </ClInclude>
    <ClInclude Include="..\..\..\Engine\STL\OS\Windows\PlatformUtils.h">
      <Filter>OS\Windows</Filter>
    </ClInclude>
    <ClInclude Include="..\..\..\Engine\STL\OS\Posix\PlatformUtils.h">
      <Filter>OS\Posix</Filter>
    </ClInclude>
    <ClInclude Include="..\..\..\Engine\STL\Algorithms\Swap.h">
      <Filter>Algorithms</Filter>
    </ClInclude>
    <ClInclude Include="..\..\..\Engine\STL\Math\Color\Half.h">
      <Filter>Math\Color</Filter>
    </ClInclude>
    <ClInclude Include="..\..\..\Engine\STL\Memory\MemPointer.h">
      <Filter>Memory</Filter>
    </ClInclude>
    <ClInclude Include="..\..\..\Engine\STL\Math\Trigonometry.h">
      <Filter>Math</Filter>
    </ClInclude>
    <ClInclude Include="..\..\..\Engine\STL\Math\BinaryMath.h">
      <Filter>Math</Filter>
    </ClInclude>
    <ClInclude Include="..\..\..\Engine\STL\Engine.STL.h" />
    <ClInclude Include="..\..\..\Engine\STL\Experimental\Unroll.h">
      <Filter>Experimental</Filter>
    </ClInclude>
    <ClInclude Include="..\..\..\Engine\STL\OS\Windows\OSWindows.h">
      <Filter>OS\Windows</Filter>
    </ClInclude>
    <ClInclude Include="..\..\..\Engine\STL\OS\Windows\WinHeader.h">
      <Filter>OS\Windows</Filter>
    </ClInclude>
    <ClInclude Include="..\..\..\Engine\STL\OS\Windows\FileSystem.h">
      <Filter>OS\Windows</Filter>
    </ClInclude>
    <ClInclude Include="..\..\..\Engine\STL\OS\Base\BaseFileSystem.h">
      <Filter>OS\Base</Filter>
    </ClInclude>
    <ClInclude Include="..\..\..\Engine\STL\CompileTime\StaticFractional.h">
      <Filter>CompileTime</Filter>
    </ClInclude>
    <ClInclude Include="..\..\..\Engine\STL\Math\Interpolations.h">
      <Filter>Math</Filter>
    </ClInclude>
    <ClInclude Include="..\..\..\Engine\STL\Types\Function.h">
      <Filter>Types</Filter>
    </ClInclude>
    <ClInclude Include="..\..\..\Engine\STL\Types\Delegate.h">
      <Filter>Types</Filter>
    </ClInclude>
    <ClInclude Include="..\..\..\Engine\STL\Math\3D\AxisAlignedBox.h">
      <Filter>Math\3D</Filter>
    </ClInclude>
    <ClInclude Include="..\..\..\Engine\STL\Math\3D\Frustum.h">
      <Filter>Math\3D</Filter>
    </ClInclude>
    <ClInclude Include="..\..\..\Engine\STL\Math\3D\Plane.h">
      <Filter>Math\3D</Filter>
    </ClInclude>
    <ClInclude Include="..\..\..\Engine\STL\Defines\MemberDetector.h">
      <Filter>Defines</Filter>
    </ClInclude>
    <ClInclude Include="..\..\..\Engine\STL\Log\ToString.h">
      <Filter>Log</Filter>
    </ClInclude>
    <ClInclude Include="..\..\..\Engine\STL\OS\Base\ScopeLock.h">
      <Filter>OS\Base</Filter>
    </ClInclude>
    <ClInclude Include="..\..\..\Engine\STL\Types\RefCountedObject.h">
      <Filter>Types</Filter>
    </ClInclude>
    <ClInclude Include="..\..\..\Engine\STL\Types\StaticRefCountedObject.h">
      <Filter>Types</Filter>
    </ClInclude>
    <ClInclude Include="..\..\..\Engine\STL\Types\ReferenceCounter.h">
      <Filter>Types</Filter>
    </ClInclude>
    <ClInclude Include="..\..\..\Engine\STL\OS\STD\Thread.h">
      <Filter>OS\STD</Filter>
    </ClInclude>
    <ClInclude Include="..\..\..\Engine\STL\OS\STD\Timer.h">
      <Filter>OS\STD</Filter>
    </ClInclude>
    <ClInclude Include="..\..\..\Engine\STL\Dimensions\PowerOfTwoValue.h">
      <Filter>Dimensions</Filter>
    </ClInclude>
    <ClInclude Include="..\..\..\Engine\STL\Types\DefferedType.h">
      <Filter>Types</Filter>
    </ClInclude>
    <ClInclude Include="..\..\..\Engine\STL\Common\Cast.h">
      <Filter>Common</Filter>
    </ClInclude>
    <ClInclude Include="..\..\..\Engine\STL\Containers\ArrayRef.h">
      <Filter>Containers</Filter>
    </ClInclude>
    <ClInclude Include="..\..\..\Engine\STL\Containers\StringRef.h">
      <Filter>Containers</Filter>
    </ClInclude>
    <ClInclude Include="..\..\..\Engine\STL\CompileTime\Runtime\VirtualTypeList.h">
      <Filter>CompileTime\Runtime</Filter>
    </ClInclude>
    <ClInclude Include="..\..\..\Engine\STL\Types\VariantCRef.h">
      <Filter>Types</Filter>
    </ClInclude>
    <ClInclude Include="..\..\..\Engine\STL\Experimental\StaticVariant.h">
      <Filter>Experimental</Filter>
    </ClInclude>
    <ClInclude Include="..\..\..\Engine\STL\Experimental\Signature.h">
      <Filter>Experimental</Filter>
    </ClInclude>
    <ClInclude Include="..\..\..\Engine\STL\CompileTime\StringToID.h">
      <Filter>CompileTime</Filter>
    </ClInclude>
    <ClInclude Include="..\..\..\Engine\STL\Experimental\VariantInterface.h">
      <Filter>Experimental</Filter>
    </ClInclude>
    <ClInclude Include="..\..\..\Engine\STL\Experimental\FunctionInfo.h">
      <Filter>Experimental</Filter>
    </ClInclude>
    <ClInclude Include="..\..\..\Engine\STL\CompileTime\Sequence.h">
      <Filter>CompileTime</Filter>
    </ClInclude>
    <ClInclude Include="..\..\..\Engine\STL\Algorithms\InvokeWithVariant.h">
      <Filter>Algorithms</Filter>
    </ClInclude>
    <ClInclude Include="..\..\..\Engine\STL\Types\VariantRefIndexedContainer.h">
      <Filter>Types</Filter>
    </ClInclude>
    <ClInclude Include="..\..\..\Engine\STL\Algorithms\Comparison.h">
      <Filter>Algorithms</Filter>
    </ClInclude>
  </ItemGroup>
  <ItemGroup>
    <Filter Include="Common">
      <UniqueIdentifier>{3fb98bf9-0551-41de-bdfe-c7f1ba1f97d1}</UniqueIdentifier>
    </Filter>
    <Filter Include="Common\Compilers">
      <UniqueIdentifier>{7121afb1-ca90-4020-97de-11fe2144a6f5}</UniqueIdentifier>
    </Filter>
    <Filter Include="Defines">
      <UniqueIdentifier>{23e3815e-483e-4a92-81cb-77692f95eef8}</UniqueIdentifier>
    </Filter>
    <Filter Include="CompileTime">
      <UniqueIdentifier>{f6703790-80fb-4005-b15b-36cca5ad5140}</UniqueIdentifier>
    </Filter>
    <Filter Include="Algorithms">
      <UniqueIdentifier>{e6520d8d-ab53-493e-881a-353ea25653cd}</UniqueIdentifier>
    </Filter>
    <Filter Include="Algorithms\Crypt">
      <UniqueIdentifier>{ff436913-6c8c-4672-81e7-ea2821b1a387}</UniqueIdentifier>
    </Filter>
    <Filter Include="Algorithms\Filters">
      <UniqueIdentifier>{7a68f45b-c40b-436a-97cd-c774cea17884}</UniqueIdentifier>
    </Filter>
    <Filter Include="Containers">
      <UniqueIdentifier>{41de41a3-1796-4a0a-a23a-6c24c6222903}</UniqueIdentifier>
    </Filter>
    <Filter Include="DataBase">
      <UniqueIdentifier>{2d1811f4-9ff9-4815-9523-433032d4059d}</UniqueIdentifier>
    </Filter>
    <Filter Include="Dimensions">
      <UniqueIdentifier>{11f13c4d-1aa6-428c-a01a-95005ec79f26}</UniqueIdentifier>
    </Filter>
    <Filter Include="Experimental">
      <UniqueIdentifier>{7bcdcb4f-6b60-4715-a291-1e73e1228967}</UniqueIdentifier>
    </Filter>
    <Filter Include="Files">
      <UniqueIdentifier>{c330ed53-dcb5-48f6-9ee0-bd1f85ec2add}</UniqueIdentifier>
    </Filter>
    <Filter Include="Java">
      <UniqueIdentifier>{2b80e831-27dc-4a1f-bbb1-e98f7782ded3}</UniqueIdentifier>
    </Filter>
    <Filter Include="Log">
      <UniqueIdentifier>{1040c43c-54e2-4815-bdce-7e3607eebda0}</UniqueIdentifier>
    </Filter>
    <Filter Include="Math">
      <UniqueIdentifier>{a8f63b56-f307-4474-a5f6-560fb3a69efd}</UniqueIdentifier>
    </Filter>
    <Filter Include="Math\2D">
      <UniqueIdentifier>{218c760f-0a08-436f-a66f-f6239e9cc60e}</UniqueIdentifier>
    </Filter>
    <Filter Include="Math\3D">
      <UniqueIdentifier>{2f3ddd58-c478-4dba-bbbd-f4edb6447e2f}</UniqueIdentifier>
    </Filter>
    <Filter Include="Math\Color">
      <UniqueIdentifier>{034f2258-b5b9-4fb9-80c1-ba2e452216ce}</UniqueIdentifier>
    </Filter>
    <Filter Include="Math\Image">
      <UniqueIdentifier>{a60d36ca-5e67-4843-9562-7f93a9748e04}</UniqueIdentifier>
    </Filter>
    <Filter Include="Math\Rand">
      <UniqueIdentifier>{40ec9cd5-c3c0-4471-b39f-1dc371a855b6}</UniqueIdentifier>
    </Filter>
    <Filter Include="Math\Spline">
      <UniqueIdentifier>{7876a4b4-2ec0-44e2-add8-738ebf3728e4}</UniqueIdentifier>
    </Filter>
    <Filter Include="Memory">
      <UniqueIdentifier>{f9820d9f-22ab-4383-9d0f-85c5727aa425}</UniqueIdentifier>
    </Filter>
    <Filter Include="OS">
      <UniqueIdentifier>{74babb35-ac73-43a8-9735-85dae10831c0}</UniqueIdentifier>
    </Filter>
    <Filter Include="OS\Android">
      <UniqueIdentifier>{09730109-cb31-452b-a18b-734ba19a9d1c}</UniqueIdentifier>
    </Filter>
    <Filter Include="OS\Base">
      <UniqueIdentifier>{efa7db88-759d-4868-9d46-846d84d3bae6}</UniqueIdentifier>
    </Filter>
    <Filter Include="OS\Posix">
      <UniqueIdentifier>{4a4733f3-4a49-4a14-87a0-822c2fe861bb}</UniqueIdentifier>
    </Filter>
    <Filter Include="OS\SDL">
      <UniqueIdentifier>{5f348831-9cf4-440f-b0a7-d1468056e77b}</UniqueIdentifier>
    </Filter>
    <Filter Include="OS\Windows">
      <UniqueIdentifier>{c6c7338b-08b9-4634-beb6-67aab8d94535}</UniqueIdentifier>
    </Filter>
    <Filter Include="ScriptBindings">
      <UniqueIdentifier>{cb106603-dcbd-4e0a-9a84-1c50fd8ed277}</UniqueIdentifier>
    </Filter>
    <Filter Include="ThreadSafe">
      <UniqueIdentifier>{fa25099b-ea48-4b15-8c56-1b12982831d7}</UniqueIdentifier>
    </Filter>
    <Filter Include="Time">
      <UniqueIdentifier>{b9647ae7-1767-4cb6-bd3f-409778df58e5}</UniqueIdentifier>
    </Filter>
    <Filter Include="Types">
      <UniqueIdentifier>{fd799149-a804-4e90-ba48-ed470b6d495a}</UniqueIdentifier>
    </Filter>
    <Filter Include="OS\STD">
      <UniqueIdentifier>{5d3634fa-44e6-47b9-93da-f0c9afe038c2}</UniqueIdentifier>
    </Filter>
    <Filter Include="CompileTime\Runtime">
      <UniqueIdentifier>{8bd1eefa-3746-4832-bb18-92be2b1b7a9d}</UniqueIdentifier>
    </Filter>
  </ItemGroup>
  <ItemGroup>
    <ClCompile Include="..\..\..\Engine\STL\Algorithms\FileAddress.cpp">
      <Filter>Algorithms</Filter>
    </ClCompile>
    <ClCompile Include="..\..\..\Engine\STL\Algorithms\StringParser.cpp">
      <Filter>Algorithms</Filter>
    </ClCompile>
    <ClCompile Include="..\..\..\Engine\STL\Java\Java.cpp">
      <Filter>Java</Filter>
    </ClCompile>
    <ClCompile Include="..\..\..\Engine\STL\Log\Logger.cpp">
      <Filter>Log</Filter>
    </ClCompile>
    <ClCompile Include="..\..\..\Engine\STL\OS\Base\Date.cpp">
      <Filter>OS\Base</Filter>
    </ClCompile>
    <ClCompile Include="..\..\..\Engine\STL\OS\SDL\SDLUtils.cpp">
      <Filter>OS\SDL</Filter>
    </ClCompile>
    <ClCompile Include="..\..\..\Engine\STL\ScriptBindings\DefaultBindings.cpp">
      <Filter>ScriptBindings</Filter>
    </ClCompile>
    <ClCompile Include="..\..\..\Engine\STL\ScriptBindings\ScriptBinder.cpp">
      <Filter>ScriptBindings</Filter>
    </ClCompile>
    <ClCompile Include="..\..\..\Engine\STL\ScriptBindings\ScriptEngine.cpp">
      <Filter>ScriptBindings</Filter>
    </ClCompile>
    <ClCompile Include="..\..\..\Engine\STL\DataBase\Utf8StringUtils.cpp">
      <Filter>DataBase</Filter>
    </ClCompile>
    <ClCompile Include="..\..\..\Engine\STL\Common\Main.cpp">
      <Filter>Common</Filter>
    </ClCompile>
    <ClCompile Include="..\..\..\Engine\STL\OS\Windows\Timer.cpp">
      <Filter>OS\Windows</Filter>
    </ClCompile>
    <ClCompile Include="..\..\..\Engine\STL\OS\Windows\FileSystem.cpp">
      <Filter>OS\Windows</Filter>
    </ClCompile>
    <ClCompile Include="..\..\..\Engine\STL\OS\Base\BaseFileSystem.cpp">
      <Filter>OS\Base</Filter>
    </ClCompile>
    <ClCompile Include="..\..\..\Engine\STL\OS\STD\StdThread.cpp">
      <Filter>OS\STD</Filter>
    </ClCompile>
    <ClCompile Include="..\..\..\Engine\STL\OS\SDL\SdlThread.cpp">
      <Filter>OS\SDL</Filter>
    </ClCompile>
    <ClCompile Include="..\..\..\Engine\STL\OS\Windows\WinThread.cpp">
      <Filter>OS\Windows</Filter>
    </ClCompile>
    <ClCompile Include="..\..\..\Engine\STL\OS\Windows\WinLibrary.cpp">
      <Filter>OS\Windows</Filter>
    </ClCompile>
    <ClCompile Include="..\..\..\Engine\STL\OS\Windows\WinAtomicOp.cpp">
      <Filter>OS\Windows</Filter>
    </ClCompile>
    <ClCompile Include="..\..\..\Engine\STL\OS\Windows\WinPlatformUtils.cpp">
      <Filter>OS\Windows</Filter>
    </ClCompile>
    <ClCompile Include="..\..\..\Engine\STL\OS\Windows\WinRandDevice.cpp">
      <Filter>OS\Windows</Filter>
    </ClCompile>
    <ClCompile Include="..\..\..\Engine\STL\OS\Windows\WinSyncPrimitives.cpp">
      <Filter>OS\Windows</Filter>
    </ClCompile>
  </ItemGroup>
</Project>