<?xml version="1.0" encoding="utf-8"?>
<Project ToolsVersion="4.0" xmlns="http://schemas.microsoft.com/developer/msbuild/2003">
  <ItemGroup>
    <ClInclude Include="..\..\..\Engine\Platforms\OpenCL\OpenCLContext.h">
      <Filter>OpenCL</Filter>
    </ClInclude>
    <ClInclude Include="..\..\..\Engine\Platforms\OpenCL\Impl\CL2Device.h">
      <Filter>OpenCL\Impl</Filter>
    </ClInclude>
    <ClInclude Include="..\..\..\Engine\Platforms\OpenCL\Impl\CL2Messages.h">
      <Filter>OpenCL\Impl</Filter>
    </ClInclude>
    <ClInclude Include="..\..\..\Engine\Platforms\OpenCL\Impl\CL2Enums.h">
      <Filter>OpenCL\Impl</Filter>
    </ClInclude>
    <ClInclude Include="..\..\..\Engine\Platforms\OpenCL\Impl\cl2.h">
      <Filter>OpenCL\Impl</Filter>
    </ClInclude>
    <ClInclude Include="..\..\..\Engine\Platforms\OpenCL\Impl\CL2Emulator.h">
      <Filter>OpenCL\Impl</Filter>
    </ClInclude>
    <ClInclude Include="..\..\..\Engine\Platforms\OpenCL\Impl\CL2BaseModule.h">
      <Filter>OpenCL\Impl</Filter>
    </ClInclude>
  </ItemGroup>
  <ItemGroup>
    <Filter Include="OpenCL">
      <UniqueIdentifier>{776f370a-c4a0-4f1b-8bc4-f9815bb4ca38}</UniqueIdentifier>
    </Filter>
    <Filter Include="OpenCL\Impl">
      <UniqueIdentifier>{08176884-c146-4301-a05b-cf969033792a}</UniqueIdentifier>
    </Filter>
  </ItemGroup>
  <ItemGroup>
    <ClCompile Include="..\..\..\Engine\Platforms\OpenCL\OpenCLContext.cpp">
      <Filter>OpenCL</Filter>
    </ClCompile>
    <ClCompile Include="..\..\..\Engine\Platforms\OpenCL\OpenCLThread.cpp">
      <Filter>OpenCL</Filter>
    </ClCompile>
    <ClCompile Include="..\..\..\Engine\Platforms\OpenCL\Impl\CL2Device.cpp">
      <Filter>OpenCL\Impl</Filter>
    </ClCompile>
    <ClCompile Include="..\..\..\Engine\Platforms\OpenCL\Impl\cl2.cpp">
      <Filter>OpenCL\Impl</Filter>
    </ClCompile>
    <ClCompile Include="..\..\..\Engine\Platforms\OpenCL\Impl\CL2Emulator.cpp">
      <Filter>OpenCL\Impl</Filter>
    </ClCompile>
    <ClCompile Include="..\..\..\Engine\Platforms\OpenCL\Impl\CL2Buffer.cpp">
      <Filter>OpenCL\Impl</Filter>
    </ClCompile>
    <ClCompile Include="..\..\..\Engine\Platforms\OpenCL\Impl\CL2CommandBuffer.cpp">
      <Filter>OpenCL\Impl</Filter>
    </ClCompile>
    <ClCompile Include="..\..\..\Engine\Platforms\OpenCL\Impl\CL2CommandBuilder.cpp">
      <Filter>OpenCL\Impl</Filter>
    </ClCompile>
    <ClCompile Include="..\..\..\Engine\Platforms\OpenCL\Impl\CL2Memory.cpp">
      <Filter>OpenCL\Impl</Filter>
    </ClCompile>
    <ClCompile Include="..\..\..\Engine\Platforms\OpenCL\Impl\CL2Image.cpp">
      <Filter>OpenCL\Impl</Filter>
    </ClCompile>
    <ClCompile Include="..\..\..\Engine\Platforms\OpenCL\Impl\CL2Pipeline.cpp">
      <Filter>OpenCL\Impl</Filter>
    </ClCompile>
    <ClCompile Include="..\..\..\Engine\Platforms\OpenCL\Impl\CL2BaseModule.cpp">
      <Filter>OpenCL\Impl</Filter>
    </ClCompile>
    <ClCompile Include="..\..\..\Engine\Platforms\OpenCL\Impl\CL2PipelineResourceTable.cpp">
      <Filter>OpenCL\Impl</Filter>
    </ClCompile>
  </ItemGroup>
</Project>