
Microsoft Visual Studio Solution File, Format Version 12.00
# Visual Studio 15
VisualStudioVersion = 15.0.27004.2008
MinimumVisualStudioVersion = 10.0.40219.1
Project("{8BC9CEB8-8B4A-11D0-8D11-00A0C91BC942}") = "Tests.STL", "Tests.STL\Tests.STL.vcxproj", "{18F3528C-66C2-405A-8BCE-866C1C30FA6D}"
EndProject
Project("{8BC9CEB8-8B4A-11D0-8D11-00A0C91BC942}") = "Engine.Base", "Engine.Base\Engine.Base.vcxproj", "{4D750B1B-CE81-4C92-8BFE-40F2ACE23A14}"
EndProject
Project("{2150E333-8FDC-42A3-9474-1A3956D46DE8}") = "Engine", "Engine", "{CA44EAB8-4C8D-4B16-9DEA-C447FB66A165}"
EndProject
Project("{2150E333-8FDC-42A3-9474-1A3956D46DE8}") = "External", "External", "{5803ECDE-09EB-4309-8C8A-D6A05F8776E7}"
EndProject
Project("{2150E333-8FDC-42A3-9474-1A3956D46DE8}") = "Tests", "Tests", "{90D6FFA1-4801-42E8-8897-C6B784230CC0}"
EndProject
Project("{8BC9CEB8-8B4A-11D0-8D11-00A0C91BC942}") = "External.PNG", "External.PNG\External.PNG.vcxproj", "{3337AE8C-EF57-46C4-90E5-F41AB26D0BC5}"
EndProject
Project("{8BC9CEB8-8B4A-11D0-8D11-00A0C91BC942}") = "angelscript", "..\..\External\angelscript\angelscript\projects\msvc2013\angelscript.vcxproj", "{39E6AF97-6BA3-4A72-8C61-BCEBF214EBFD}"
EndProject
Project("{8BC9CEB8-8B4A-11D0-8D11-00A0C91BC942}") = "Engine.Config", "Engine.Config\Engine.Config.vcxproj", "{C474AB8E-80E4-491F-AA8E-D17CDF25748D}"
EndProject
Project("{8BC9CEB8-8B4A-11D0-8D11-00A0C91BC942}") = "Engine.STL", "Engine.STL\Engine.STL.vcxproj", "{C8E74AF8-726B-4A6C-B58D-32BDD2CE9E82}"
EndProject
Project("{8BC9CEB8-8B4A-11D0-8D11-00A0C91BC942}") = "Tests.Engine.Base", "Tests.Engine.Base\Tests.Engine.Base.vcxproj", "{EBEF46FE-7246-4473-9875-210B14E17BCD}"
EndProject
Project("{8BC9CEB8-8B4A-11D0-8D11-00A0C91BC942}") = "Engine.Graphics", "Engine.Graphics\Engine.Graphics.vcxproj", "{6283E429-4AF6-44B4-949D-124D3E314794}"
EndProject
Project("{8BC9CEB8-8B4A-11D0-8D11-00A0C91BC942}") = "Engine.Profilers", "Engine.Profilers\Engine.Profilers.vcxproj", "{1AFDFB19-FE5C-49DE-8831-9954FAEBF82E}"
EndProject
Project("{8BC9CEB8-8B4A-11D0-8D11-00A0C91BC942}") = "Engine.Validators", "Engine.Validators\Engine.Validators.vcxproj", "{9BC35A4F-0C09-4D76-9EE2-4ADF2105873B}"
EndProject
Project("{8BC9CEB8-8B4A-11D0-8D11-00A0C91BC942}") = "Engine.UI", "Engine.UI\Engine.UI.vcxproj", "{BB31D65A-4E47-4EB1-9964-1CB089B06D18}"
EndProject
Project("{2150E333-8FDC-42A3-9474-1A3956D46DE8}") = "EngineTools", "EngineTools", "{86678C82-7340-4F83-A06B-84D324CD0C61}"
EndProject
Project("{8BC9CEB8-8B4A-11D0-8D11-00A0C91BC942}") = "Engine.ImportExport", "Engine.ImportExport\Engine.ImportExport.vcxproj", "{FA6F4FE1-B8DD-46F8-86DA-F3E566AD3AA8}"
EndProject
Project("{8BC9CEB8-8B4A-11D0-8D11-00A0C91BC942}") = "Engine.Debugger", "Engine.Debugger\Engine.Debugger.vcxproj", "{8D5E9C78-020F-47A5-A01B-53552C48BAA9}"
EndProject
Project("{2150E333-8FDC-42A3-9474-1A3956D46DE8}") = "Platforms", "Platforms", "{23B16E24-C5CD-4A3B-BF14-91F0BDE0B65B}"
EndProject
Project("{8BC9CEB8-8B4A-11D0-8D11-00A0C91BC942}") = "Engine.Platforms.CL", "Engine.Platforms.CL\Engine.Platforms.CL.vcxproj", "{73642AA5-AED6-4B0E-A4BB-F9919ABA1159}"
EndProject
Project("{8BC9CEB8-8B4A-11D0-8D11-00A0C91BC942}") = "Engine.Platforms.GL", "Engine.Platforms.GL\Engine.Platforms.GL.vcxproj", "{A009F4F7-3111-4326-A45D-7F70557CCE59}"
EndProject
Project("{8BC9CEB8-8B4A-11D0-8D11-00A0C91BC942}") = "Engine.Platforms.DX", "Engine.Platforms.DX\Engine.Platforms.DX.vcxproj", "{09F30FF9-2DAF-464F-898B-BB109668E9CF}"
EndProject
Project("{8BC9CEB8-8B4A-11D0-8D11-00A0C91BC942}") = "Engine.Platforms.VK", "Engine.Platforms.VK\Engine.Platforms.VK.vcxproj", "{265664E0-589D-468A-B49B-9FA24C1EFBA6}"
EndProject
Project("{8BC9CEB8-8B4A-11D0-8D11-00A0C91BC942}") = "Engine.Platforms.Win", "Engine.Platforms.Win\Engine.Platforms.Win.vcxproj", "{6D6C8060-866C-4D8D-B591-16542EDCF598}"
EndProject
Project("{8BC9CEB8-8B4A-11D0-8D11-00A0C91BC942}") = "Engine.Platforms", "Engine.Platforms\Engine.Platforms.vcxproj", "{10D5095A-2562-4333-B486-1886C2FD0CFB}"
EndProject
Project("{8BC9CEB8-8B4A-11D0-8D11-00A0C91BC942}") = "Engine.Platforms.SW", "Engine.Platforms.SW\Engine.Platforms.SW.vcxproj", "{CE85575B-824A-4470-BC3C-CCBB0A4712ED}"
EndProject
Global
	GlobalSection(SolutionConfigurationPlatforms) = preSolution
		Debug|Win32 = Debug|Win32
		Debug|x64 = Debug|x64
		Release|Win32 = Release|Win32
		Release|x64 = Release|x64
	EndGlobalSection
	GlobalSection(ProjectConfigurationPlatforms) = postSolution
		{18F3528C-66C2-405A-8BCE-866C1C30FA6D}.Debug|Win32.ActiveCfg = Debug|Win32
		{18F3528C-66C2-405A-8BCE-866C1C30FA6D}.Debug|Win32.Build.0 = Debug|Win32
		{18F3528C-66C2-405A-8BCE-866C1C30FA6D}.Debug|x64.ActiveCfg = Debug|x64
		{18F3528C-66C2-405A-8BCE-866C1C30FA6D}.Debug|x64.Build.0 = Debug|x64
		{18F3528C-66C2-405A-8BCE-866C1C30FA6D}.Release|Win32.ActiveCfg = Release|Win32
		{18F3528C-66C2-405A-8BCE-866C1C30FA6D}.Release|Win32.Build.0 = Release|Win32
		{18F3528C-66C2-405A-8BCE-866C1C30FA6D}.Release|x64.ActiveCfg = Release|x64
		{18F3528C-66C2-405A-8BCE-866C1C30FA6D}.Release|x64.Build.0 = Release|x64
		{4D750B1B-CE81-4C92-8BFE-40F2ACE23A14}.Debug|Win32.ActiveCfg = Debug|Win32
		{4D750B1B-CE81-4C92-8BFE-40F2ACE23A14}.Debug|Win32.Build.0 = Debug|Win32
		{4D750B1B-CE81-4C92-8BFE-40F2ACE23A14}.Debug|x64.ActiveCfg = Debug|x64
		{4D750B1B-CE81-4C92-8BFE-40F2ACE23A14}.Debug|x64.Build.0 = Debug|x64
		{4D750B1B-CE81-4C92-8BFE-40F2ACE23A14}.Release|Win32.ActiveCfg = Release|Win32
		{4D750B1B-CE81-4C92-8BFE-40F2ACE23A14}.Release|Win32.Build.0 = Release|Win32
		{4D750B1B-CE81-4C92-8BFE-40F2ACE23A14}.Release|x64.ActiveCfg = Release|x64
		{4D750B1B-CE81-4C92-8BFE-40F2ACE23A14}.Release|x64.Build.0 = Release|x64
		{3337AE8C-EF57-46C4-90E5-F41AB26D0BC5}.Debug|Win32.ActiveCfg = Debug|Win32
		{3337AE8C-EF57-46C4-90E5-F41AB26D0BC5}.Debug|Win32.Build.0 = Debug|Win32
		{3337AE8C-EF57-46C4-90E5-F41AB26D0BC5}.Debug|x64.ActiveCfg = Debug|x64
		{3337AE8C-EF57-46C4-90E5-F41AB26D0BC5}.Debug|x64.Build.0 = Debug|x64
		{3337AE8C-EF57-46C4-90E5-F41AB26D0BC5}.Release|Win32.ActiveCfg = Release|Win32
		{3337AE8C-EF57-46C4-90E5-F41AB26D0BC5}.Release|Win32.Build.0 = Release|Win32
		{3337AE8C-EF57-46C4-90E5-F41AB26D0BC5}.Release|x64.ActiveCfg = Release|x64
		{3337AE8C-EF57-46C4-90E5-F41AB26D0BC5}.Release|x64.Build.0 = Release|x64
		{39E6AF97-6BA3-4A72-8C61-BCEBF214EBFD}.Debug|Win32.ActiveCfg = Debug|Win32
		{39E6AF97-6BA3-4A72-8C61-BCEBF214EBFD}.Debug|Win32.Build.0 = Debug|Win32
		{39E6AF97-6BA3-4A72-8C61-BCEBF214EBFD}.Debug|x64.ActiveCfg = Debug|x64
		{39E6AF97-6BA3-4A72-8C61-BCEBF214EBFD}.Debug|x64.Build.0 = Debug|x64
		{39E6AF97-6BA3-4A72-8C61-BCEBF214EBFD}.Release|Win32.ActiveCfg = Release|Win32
		{39E6AF97-6BA3-4A72-8C61-BCEBF214EBFD}.Release|Win32.Build.0 = Release|Win32
		{39E6AF97-6BA3-4A72-8C61-BCEBF214EBFD}.Release|x64.ActiveCfg = Release|x64
		{39E6AF97-6BA3-4A72-8C61-BCEBF214EBFD}.Release|x64.Build.0 = Release|x64
		{C474AB8E-80E4-491F-AA8E-D17CDF25748D}.Debug|Win32.ActiveCfg = Debug|Win32
		{C474AB8E-80E4-491F-AA8E-D17CDF25748D}.Debug|Win32.Build.0 = Debug|Win32
		{C474AB8E-80E4-491F-AA8E-D17CDF25748D}.Debug|x64.ActiveCfg = Debug|x64
		{C474AB8E-80E4-491F-AA8E-D17CDF25748D}.Debug|x64.Build.0 = Debug|x64
		{C474AB8E-80E4-491F-AA8E-D17CDF25748D}.Release|Win32.ActiveCfg = Release|Win32
		{C474AB8E-80E4-491F-AA8E-D17CDF25748D}.Release|Win32.Build.0 = Release|Win32
		{C474AB8E-80E4-491F-AA8E-D17CDF25748D}.Release|x64.ActiveCfg = Release|x64
		{C474AB8E-80E4-491F-AA8E-D17CDF25748D}.Release|x64.Build.0 = Release|x64
		{C8E74AF8-726B-4A6C-B58D-32BDD2CE9E82}.Debug|Win32.ActiveCfg = Debug|Win32
		{C8E74AF8-726B-4A6C-B58D-32BDD2CE9E82}.Debug|Win32.Build.0 = Debug|Win32
		{C8E74AF8-726B-4A6C-B58D-32BDD2CE9E82}.Debug|x64.ActiveCfg = Debug|x64
		{C8E74AF8-726B-4A6C-B58D-32BDD2CE9E82}.Debug|x64.Build.0 = Debug|x64
		{C8E74AF8-726B-4A6C-B58D-32BDD2CE9E82}.Release|Win32.ActiveCfg = Release|Win32
		{C8E74AF8-726B-4A6C-B58D-32BDD2CE9E82}.Release|Win32.Build.0 = Release|Win32
		{C8E74AF8-726B-4A6C-B58D-32BDD2CE9E82}.Release|x64.ActiveCfg = Release|x64
		{C8E74AF8-726B-4A6C-B58D-32BDD2CE9E82}.Release|x64.Build.0 = Release|x64
		{EBEF46FE-7246-4473-9875-210B14E17BCD}.Debug|Win32.ActiveCfg = Debug|Win32
		{EBEF46FE-7246-4473-9875-210B14E17BCD}.Debug|Win32.Build.0 = Debug|Win32
		{EBEF46FE-7246-4473-9875-210B14E17BCD}.Debug|x64.ActiveCfg = Debug|x64
		{EBEF46FE-7246-4473-9875-210B14E17BCD}.Debug|x64.Build.0 = Debug|x64
		{EBEF46FE-7246-4473-9875-210B14E17BCD}.Release|Win32.ActiveCfg = Release|Win32
		{EBEF46FE-7246-4473-9875-210B14E17BCD}.Release|Win32.Build.0 = Release|Win32
		{EBEF46FE-7246-4473-9875-210B14E17BCD}.Release|x64.ActiveCfg = Release|x64
		{EBEF46FE-7246-4473-9875-210B14E17BCD}.Release|x64.Build.0 = Release|x64
		{6283E429-4AF6-44B4-949D-124D3E314794}.Debug|Win32.ActiveCfg = Debug|Win32
		{6283E429-4AF6-44B4-949D-124D3E314794}.Debug|Win32.Build.0 = Debug|Win32
		{6283E429-4AF6-44B4-949D-124D3E314794}.Debug|x64.ActiveCfg = Debug|x64
		{6283E429-4AF6-44B4-949D-124D3E314794}.Debug|x64.Build.0 = Debug|x64
		{6283E429-4AF6-44B4-949D-124D3E314794}.Release|Win32.ActiveCfg = Release|Win32
		{6283E429-4AF6-44B4-949D-124D3E314794}.Release|Win32.Build.0 = Release|Win32
		{6283E429-4AF6-44B4-949D-124D3E314794}.Release|x64.ActiveCfg = Release|x64
		{6283E429-4AF6-44B4-949D-124D3E314794}.Release|x64.Build.0 = Release|x64
		{1AFDFB19-FE5C-49DE-8831-9954FAEBF82E}.Debug|Win32.ActiveCfg = Debug|Win32
		{1AFDFB19-FE5C-49DE-8831-9954FAEBF82E}.Debug|Win32.Build.0 = Debug|Win32
		{1AFDFB19-FE5C-49DE-8831-9954FAEBF82E}.Debug|x64.ActiveCfg = Debug|x64
		{1AFDFB19-FE5C-49DE-8831-9954FAEBF82E}.Debug|x64.Build.0 = Debug|x64
		{1AFDFB19-FE5C-49DE-8831-9954FAEBF82E}.Release|Win32.ActiveCfg = Release|Win32
		{1AFDFB19-FE5C-49DE-8831-9954FAEBF82E}.Release|Win32.Build.0 = Release|Win32
		{1AFDFB19-FE5C-49DE-8831-9954FAEBF82E}.Release|x64.ActiveCfg = Release|x64
		{1AFDFB19-FE5C-49DE-8831-9954FAEBF82E}.Release|x64.Build.0 = Release|x64
		{9BC35A4F-0C09-4D76-9EE2-4ADF2105873B}.Debug|Win32.ActiveCfg = Debug|Win32
		{9BC35A4F-0C09-4D76-9EE2-4ADF2105873B}.Debug|Win32.Build.0 = Debug|Win32
		{9BC35A4F-0C09-4D76-9EE2-4ADF2105873B}.Debug|x64.ActiveCfg = Debug|x64
		{9BC35A4F-0C09-4D76-9EE2-4ADF2105873B}.Debug|x64.Build.0 = Debug|x64
		{9BC35A4F-0C09-4D76-9EE2-4ADF2105873B}.Release|Win32.ActiveCfg = Release|Win32
		{9BC35A4F-0C09-4D76-9EE2-4ADF2105873B}.Release|Win32.Build.0 = Release|Win32
		{9BC35A4F-0C09-4D76-9EE2-4ADF2105873B}.Release|x64.ActiveCfg = Release|x64
		{9BC35A4F-0C09-4D76-9EE2-4ADF2105873B}.Release|x64.Build.0 = Release|x64
		{BB31D65A-4E47-4EB1-9964-1CB089B06D18}.Debug|Win32.ActiveCfg = Debug|Win32
		{BB31D65A-4E47-4EB1-9964-1CB089B06D18}.Debug|Win32.Build.0 = Debug|Win32
		{BB31D65A-4E47-4EB1-9964-1CB089B06D18}.Debug|x64.ActiveCfg = Debug|x64
		{BB31D65A-4E47-4EB1-9964-1CB089B06D18}.Debug|x64.Build.0 = Debug|x64
		{BB31D65A-4E47-4EB1-9964-1CB089B06D18}.Release|Win32.ActiveCfg = Release|Win32
		{BB31D65A-4E47-4EB1-9964-1CB089B06D18}.Release|Win32.Build.0 = Release|Win32
		{BB31D65A-4E47-4EB1-9964-1CB089B06D18}.Release|x64.ActiveCfg = Release|x64
		{BB31D65A-4E47-4EB1-9964-1CB089B06D18}.Release|x64.Build.0 = Release|x64
		{FA6F4FE1-B8DD-46F8-86DA-F3E566AD3AA8}.Debug|Win32.ActiveCfg = Debug|Win32
		{FA6F4FE1-B8DD-46F8-86DA-F3E566AD3AA8}.Debug|Win32.Build.0 = Debug|Win32
		{FA6F4FE1-B8DD-46F8-86DA-F3E566AD3AA8}.Debug|x64.ActiveCfg = Debug|x64
		{FA6F4FE1-B8DD-46F8-86DA-F3E566AD3AA8}.Debug|x64.Build.0 = Debug|x64
		{FA6F4FE1-B8DD-46F8-86DA-F3E566AD3AA8}.Release|Win32.ActiveCfg = Release|Win32
		{FA6F4FE1-B8DD-46F8-86DA-F3E566AD3AA8}.Release|Win32.Build.0 = Release|Win32
		{FA6F4FE1-B8DD-46F8-86DA-F3E566AD3AA8}.Release|x64.ActiveCfg = Release|x64
		{FA6F4FE1-B8DD-46F8-86DA-F3E566AD3AA8}.Release|x64.Build.0 = Release|x64
		{8D5E9C78-020F-47A5-A01B-53552C48BAA9}.Debug|Win32.ActiveCfg = Debug|Win32
		{8D5E9C78-020F-47A5-A01B-53552C48BAA9}.Debug|Win32.Build.0 = Debug|Win32
		{8D5E9C78-020F-47A5-A01B-53552C48BAA9}.Debug|x64.ActiveCfg = Debug|x64
		{8D5E9C78-020F-47A5-A01B-53552C48BAA9}.Debug|x64.Build.0 = Debug|x64
		{8D5E9C78-020F-47A5-A01B-53552C48BAA9}.Release|Win32.ActiveCfg = Release|Win32
		{8D5E9C78-020F-47A5-A01B-53552C48BAA9}.Release|Win32.Build.0 = Release|Win32
		{8D5E9C78-020F-47A5-A01B-53552C48BAA9}.Release|x64.ActiveCfg = Release|x64
		{8D5E9C78-020F-47A5-A01B-53552C48BAA9}.Release|x64.Build.0 = Release|x64
		{73642AA5-AED6-4B0E-A4BB-F9919ABA1159}.Debug|Win32.ActiveCfg = Debug|Win32
		{73642AA5-AED6-4B0E-A4BB-F9919ABA1159}.Debug|Win32.Build.0 = Debug|Win32
		{73642AA5-AED6-4B0E-A4BB-F9919ABA1159}.Debug|x64.ActiveCfg = Debug|x64
		{73642AA5-AED6-4B0E-A4BB-F9919ABA1159}.Debug|x64.Build.0 = Debug|x64
		{73642AA5-AED6-4B0E-A4BB-F9919ABA1159}.Release|Win32.ActiveCfg = Release|Win32
		{73642AA5-AED6-4B0E-A4BB-F9919ABA1159}.Release|Win32.Build.0 = Release|Win32
		{73642AA5-AED6-4B0E-A4BB-F9919ABA1159}.Release|x64.ActiveCfg = Release|x64
		{73642AA5-AED6-4B0E-A4BB-F9919ABA1159}.Release|x64.Build.0 = Release|x64
		{A009F4F7-3111-4326-A45D-7F70557CCE59}.Debug|Win32.ActiveCfg = Debug|Win32
		{A009F4F7-3111-4326-A45D-7F70557CCE59}.Debug|Win32.Build.0 = Debug|Win32
		{A009F4F7-3111-4326-A45D-7F70557CCE59}.Debug|x64.ActiveCfg = Debug|x64
		{A009F4F7-3111-4326-A45D-7F70557CCE59}.Debug|x64.Build.0 = Debug|x64
		{A009F4F7-3111-4326-A45D-7F70557CCE59}.Release|Win32.ActiveCfg = Release|Win32
		{A009F4F7-3111-4326-A45D-7F70557CCE59}.Release|Win32.Build.0 = Release|Win32
		{A009F4F7-3111-4326-A45D-7F70557CCE59}.Release|x64.ActiveCfg = Release|x64
		{A009F4F7-3111-4326-A45D-7F70557CCE59}.Release|x64.Build.0 = Release|x64
		{09F30FF9-2DAF-464F-898B-BB109668E9CF}.Debug|Win32.ActiveCfg = Debug|Win32
		{09F30FF9-2DAF-464F-898B-BB109668E9CF}.Debug|Win32.Build.0 = Debug|Win32
		{09F30FF9-2DAF-464F-898B-BB109668E9CF}.Debug|x64.ActiveCfg = Debug|x64
		{09F30FF9-2DAF-464F-898B-BB109668E9CF}.Debug|x64.Build.0 = Debug|x64
		{09F30FF9-2DAF-464F-898B-BB109668E9CF}.Release|Win32.ActiveCfg = Release|Win32
		{09F30FF9-2DAF-464F-898B-BB109668E9CF}.Release|Win32.Build.0 = Release|Win32
		{09F30FF9-2DAF-464F-898B-BB109668E9CF}.Release|x64.ActiveCfg = Release|x64
		{09F30FF9-2DAF-464F-898B-BB109668E9CF}.Release|x64.Build.0 = Release|x64
		{265664E0-589D-468A-B49B-9FA24C1EFBA6}.Debug|Win32.ActiveCfg = Debug|Win32
		{265664E0-589D-468A-B49B-9FA24C1EFBA6}.Debug|Win32.Build.0 = Debug|Win32
		{265664E0-589D-468A-B49B-9FA24C1EFBA6}.Debug|x64.ActiveCfg = Debug|x64
		{265664E0-589D-468A-B49B-9FA24C1EFBA6}.Debug|x64.Build.0 = Debug|x64
		{265664E0-589D-468A-B49B-9FA24C1EFBA6}.Release|Win32.ActiveCfg = Release|Win32
		{265664E0-589D-468A-B49B-9FA24C1EFBA6}.Release|Win32.Build.0 = Release|Win32
		{265664E0-589D-468A-B49B-9FA24C1EFBA6}.Release|x64.ActiveCfg = Release|x64
		{265664E0-589D-468A-B49B-9FA24C1EFBA6}.Release|x64.Build.0 = Release|x64
		{6D6C8060-866C-4D8D-B591-16542EDCF598}.Debug|Win32.ActiveCfg = Debug|Win32
		{6D6C8060-866C-4D8D-B591-16542EDCF598}.Debug|Win32.Build.0 = Debug|Win32
		{6D6C8060-866C-4D8D-B591-16542EDCF598}.Debug|x64.ActiveCfg = Debug|x64
		{6D6C8060-866C-4D8D-B591-16542EDCF598}.Debug|x64.Build.0 = Debug|x64
		{6D6C8060-866C-4D8D-B591-16542EDCF598}.Release|Win32.ActiveCfg = Release|Win32
		{6D6C8060-866C-4D8D-B591-16542EDCF598}.Release|Win32.Build.0 = Release|Win32
		{6D6C8060-866C-4D8D-B591-16542EDCF598}.Release|x64.ActiveCfg = Release|x64
		{6D6C8060-866C-4D8D-B591-16542EDCF598}.Release|x64.Build.0 = Release|x64
		{10D5095A-2562-4333-B486-1886C2FD0CFB}.Debug|Win32.ActiveCfg = Debug|Win32
		{10D5095A-2562-4333-B486-1886C2FD0CFB}.Debug|Win32.Build.0 = Debug|Win32
		{10D5095A-2562-4333-B486-1886C2FD0CFB}.Debug|x64.ActiveCfg = Debug|x64
		{10D5095A-2562-4333-B486-1886C2FD0CFB}.Debug|x64.Build.0 = Debug|x64
		{10D5095A-2562-4333-B486-1886C2FD0CFB}.Release|Win32.ActiveCfg = Release|Win32
		{10D5095A-2562-4333-B486-1886C2FD0CFB}.Release|Win32.Build.0 = Release|Win32
		{10D5095A-2562-4333-B486-1886C2FD0CFB}.Release|x64.ActiveCfg = Release|x64
		{10D5095A-2562-4333-B486-1886C2FD0CFB}.Release|x64.Build.0 = Release|x64
		{CE85575B-824A-4470-BC3C-CCBB0A4712ED}.Debug|Win32.ActiveCfg = Debug|Win32
		{CE85575B-824A-4470-BC3C-CCBB0A4712ED}.Debug|Win32.Build.0 = Debug|Win32
		{CE85575B-824A-4470-BC3C-CCBB0A4712ED}.Debug|x64.ActiveCfg = Debug|x64
		{CE85575B-824A-4470-BC3C-CCBB0A4712ED}.Debug|x64.Build.0 = Debug|x64
		{CE85575B-824A-4470-BC3C-CCBB0A4712ED}.Release|Win32.ActiveCfg = Release|Win32
		{CE85575B-824A-4470-BC3C-CCBB0A4712ED}.Release|Win32.Build.0 = Release|Win32
		{CE85575B-824A-4470-BC3C-CCBB0A4712ED}.Release|x64.ActiveCfg = Release|x64
		{CE85575B-824A-4470-BC3C-CCBB0A4712ED}.Release|x64.Build.0 = Release|x64
	EndGlobalSection
	GlobalSection(SolutionProperties) = preSolution
		HideSolutionNode = FALSE
	EndGlobalSection
	GlobalSection(NestedProjects) = preSolution
		{18F3528C-66C2-405A-8BCE-866C1C30FA6D} = {90D6FFA1-4801-42E8-8897-C6B784230CC0}
		{4D750B1B-CE81-4C92-8BFE-40F2ACE23A14} = {CA44EAB8-4C8D-4B16-9DEA-C447FB66A165}
		{3337AE8C-EF57-46C4-90E5-F41AB26D0BC5} = {5803ECDE-09EB-4309-8C8A-D6A05F8776E7}
		{39E6AF97-6BA3-4A72-8C61-BCEBF214EBFD} = {5803ECDE-09EB-4309-8C8A-D6A05F8776E7}
		{C474AB8E-80E4-491F-AA8E-D17CDF25748D} = {CA44EAB8-4C8D-4B16-9DEA-C447FB66A165}
		{C8E74AF8-726B-4A6C-B58D-32BDD2CE9E82} = {CA44EAB8-4C8D-4B16-9DEA-C447FB66A165}
		{EBEF46FE-7246-4473-9875-210B14E17BCD} = {90D6FFA1-4801-42E8-8897-C6B784230CC0}
		{6283E429-4AF6-44B4-949D-124D3E314794} = {CA44EAB8-4C8D-4B16-9DEA-C447FB66A165}
		{1AFDFB19-FE5C-49DE-8831-9954FAEBF82E} = {CA44EAB8-4C8D-4B16-9DEA-C447FB66A165}
		{9BC35A4F-0C09-4D76-9EE2-4ADF2105873B} = {CA44EAB8-4C8D-4B16-9DEA-C447FB66A165}
		{BB31D65A-4E47-4EB1-9964-1CB089B06D18} = {CA44EAB8-4C8D-4B16-9DEA-C447FB66A165}
		{FA6F4FE1-B8DD-46F8-86DA-F3E566AD3AA8} = {CA44EAB8-4C8D-4B16-9DEA-C447FB66A165}
		{8D5E9C78-020F-47A5-A01B-53552C48BAA9} = {CA44EAB8-4C8D-4B16-9DEA-C447FB66A165}
		{23B16E24-C5CD-4A3B-BF14-91F0BDE0B65B} = {CA44EAB8-4C8D-4B16-9DEA-C447FB66A165}
		{73642AA5-AED6-4B0E-A4BB-F9919ABA1159} = {23B16E24-C5CD-4A3B-BF14-91F0BDE0B65B}
		{A009F4F7-3111-4326-A45D-7F70557CCE59} = {23B16E24-C5CD-4A3B-BF14-91F0BDE0B65B}
		{09F30FF9-2DAF-464F-898B-BB109668E9CF} = {23B16E24-C5CD-4A3B-BF14-91F0BDE0B65B}
		{265664E0-589D-468A-B49B-9FA24C1EFBA6} = {23B16E24-C5CD-4A3B-BF14-91F0BDE0B65B}
		{6D6C8060-866C-4D8D-B591-16542EDCF598} = {23B16E24-C5CD-4A3B-BF14-91F0BDE0B65B}
		{10D5095A-2562-4333-B486-1886C2FD0CFB} = {23B16E24-C5CD-4A3B-BF14-91F0BDE0B65B}
		{CE85575B-824A-4470-BC3C-CCBB0A4712ED} = {23B16E24-C5CD-4A3B-BF14-91F0BDE0B65B}
	EndGlobalSection
	GlobalSection(ExtensibilityGlobals) = postSolution
		SolutionGuid = {2508EEE5-1047-4BC7-9925-5E88352AE583}
	EndGlobalSection
EndGlobal
