<?xml version="1.0" encoding="utf-8"?>
<Project ToolsVersion="4.0" xmlns="http://schemas.microsoft.com/developer/msbuild/2003">
  <ItemGroup>
    <Filter Include="Window">
      <UniqueIdentifier>{f35d16bf-f8bc-4ec7-a150-77fd03f5a523}</UniqueIdentifier>
    </Filter>
    <Filter Include="Pipelines">
      <UniqueIdentifier>{a88667d4-bedc-4320-b8ff-cadd02f17cd8}</UniqueIdentifier>
    </Filter>
    <Filter Include="OpenCL">
      <UniqueIdentifier>{2852e72c-b740-4690-abb2-2fbe0a7359cc}</UniqueIdentifier>
    </Filter>
    <Filter Include="Graphics">
      <UniqueIdentifier>{76fca83a-d113-4fcc-be7d-9f068f4a1de2}</UniqueIdentifier>
    </Filter>
    <Filter Include="Compute">
      <UniqueIdentifier>{7aeceb9e-d4ee-48ac-963f-19c00ee1d551}</UniqueIdentifier>
    </Filter>
  </ItemGroup>
  <ItemGroup>
    <ClCompile Include="..\..\..\Tests\Engine.Base\Window\Test.Window.cpp">
      <Filter>Window</Filter>
    </ClCompile>
    <ClCompile Include="..\..\..\Tests\Engine.Base\Main.cpp" />
    <ClCompile Include="..\..\..\Tests\Engine.Base\Pipelines\default.cpp">
      <Filter>Pipelines</Filter>
    </ClCompile>
    <ClCompile Include="..\..\..\Tests\Engine.Base\Pipelines\default2.cpp">
      <Filter>Pipelines</Filter>
    </ClCompile>
    <ClCompile Include="..\..\..\Tests\Engine.Base\OpenCL\Test.CLCompute.cpp">
      <Filter>OpenCL</Filter>
    </ClCompile>
    <ClCompile Include="..\..\..\Tests\Engine.Base\Graphics\GApp.cpp">
      <Filter>Graphics</Filter>
    </ClCompile>
    <ClCompile Include="..\..\..\Tests\Engine.Base\Graphics\Test.GWindow.cpp">
      <Filter>Graphics</Filter>
    </ClCompile>
  </ItemGroup>
  <ItemGroup>
    <ClInclude Include="..\..\..\Tests\Engine.Base\Common.h" />
    <ClInclude Include="..\..\..\Tests\Engine.Base\Pipelines\all_pipelines.h">
      <Filter>Pipelines</Filter>
    </ClInclude>
    <ClInclude Include="..\..\..\Tests\Engine.Base\Pipelines\common.h">
      <Filter>Pipelines</Filter>
    </ClInclude>
    <ClInclude Include="..\..\..\Tests\Engine.Base\Pipelines\shared_types.h">
      <Filter>Pipelines</Filter>
    </ClInclude>
    <ClInclude Include="..\..\..\Tests\Engine.Base\Graphics\GApp.h">
      <Filter>Graphics</Filter>
    </ClInclude>
  </ItemGroup>
</Project>