<?xml version="1.0" encoding="utf-8"?>
<Project ToolsVersion="4.0" xmlns="http://schemas.microsoft.com/developer/msbuild/2003">
  <ItemGroup>
    <ClCompile Include="..\..\..\Tests\STL\Main.cpp" />
    <ClCompile Include="..\..\..\Tests\STL\Test_Temp.cpp" />
    <ClCompile Include="..\..\..\Tests\STL\Test_CompileTime_MainType.cpp">
      <Filter>CompileTime</Filter>
    </ClCompile>
    <ClCompile Include="..\..\..\Tests\STL\Test_CompileTime_StaticFloat.cpp">
      <Filter>CompileTime</Filter>
    </ClCompile>
    <ClCompile Include="..\..\..\Tests\STL\Test_CompileTime_TemplateMath.cpp">
      <Filter>CompileTime</Filter>
    </ClCompile>
    <ClCompile Include="..\..\..\Tests\STL\Test_CompileTime_TypeInfo.cpp">
      <Filter>CompileTime</Filter>
    </ClCompile>
    <ClCompile Include="..\..\..\Tests\STL\Test_CompileTime_TypeList.cpp">
      <Filter>CompileTime</Filter>
    </ClCompile>
    <ClCompile Include="..\..\..\Tests\STL\Test_CompileTime_TypeQualifier.cpp">
      <Filter>CompileTime</Filter>
    </ClCompile>
    <ClCompile Include="..\..\..\Tests\STL\Test_CompileTime_TypeTraits.cpp">
      <Filter>CompileTime</Filter>
    </ClCompile>
    <ClCompile Include="..\..\..\Tests\STL\Test_Containers_Array.cpp">
      <Filter>Containers</Filter>
    </ClCompile>
    <ClCompile Include="..\..\..\Tests\STL\Test_Containers_CircularQueue.cpp">
      <Filter>Containers</Filter>
    </ClCompile>
    <ClCompile Include="..\..\..\Tests\STL\Test_Containers_HashSet.cpp">
      <Filter>Containers</Filter>
    </ClCompile>
    <ClCompile Include="..\..\..\Tests\STL\Test_Containers_List.cpp">
      <Filter>Containers</Filter>
    </ClCompile>
    <ClCompile Include="..\..\..\Tests\STL\Test_Containers_Map.cpp">
      <Filter>Containers</Filter>
    </ClCompile>
    <ClCompile Include="..\..\..\Tests\STL\Test_Containers_Queue.cpp">
      <Filter>Containers</Filter>
    </ClCompile>
    <ClCompile Include="..\..\..\Tests\STL\Test_Containers_Set.cpp">
      <Filter>Containers</Filter>
    </ClCompile>
    <ClCompile Include="..\..\..\Tests\STL\Test_Containers_String.cpp">
      <Filter>Containers</Filter>
    </ClCompile>
    <ClCompile Include="..\..\..\Tests\STL\Test_Dimensions_PhysicsValue.cpp">
      <Filter>Math</Filter>
    </ClCompile>
    <ClCompile Include="..\..\..\Tests\STL\Test_Math_Abs.cpp">
      <Filter>Math</Filter>
    </ClCompile>
    <ClCompile Include="..\..\..\Tests\STL\Test_Math_Bit.cpp">
      <Filter>Math</Filter>
    </ClCompile>
    <ClCompile Include="..\..\..\Tests\STL\Test_Math_Clamp_Wrap.cpp">
      <Filter>Math</Filter>
    </ClCompile>
    <ClCompile Include="..\..\..\Tests\STL\Test_Math_Color.cpp">
      <Filter>Math</Filter>
    </ClCompile>
    <ClCompile Include="..\..\..\Tests\STL\Test_Math_ColorFormat.cpp">
      <Filter>Math</Filter>
    </ClCompile>
    <ClCompile Include="..\..\..\Tests\STL\Test_Math_Factorial.cpp">
      <Filter>Math</Filter>
    </ClCompile>
    <ClCompile Include="..\..\..\Tests\STL\Test_Math_FloorCeilTruncRoundFract.cpp">
      <Filter>Math</Filter>
    </ClCompile>
    <ClCompile Include="..\..\..\Tests\STL\Test_Math_ImageUtils.cpp">
      <Filter>Math</Filter>
    </ClCompile>
    <ClCompile Include="..\..\..\Tests\STL\Test_Math_Matrix.cpp">
      <Filter>Math</Filter>
    </ClCompile>
    <ClCompile Include="..\..\..\Tests\STL\Test_Math_Transform.cpp">
      <Filter>Math</Filter>
    </ClCompile>
    <ClCompile Include="..\..\..\Tests\STL\Test_OS_Date.cpp">
      <Filter>OS</Filter>
    </ClCompile>
    <ClCompile Include="..\..\..\Tests\STL\Test_OS_FileSystem.cpp">
      <Filter>OS</Filter>
    </ClCompile>
    <ClCompile Include="..\..\..\Tests\STL\Test_SimpleScript.cpp">
      <Filter>Script</Filter>
    </ClCompile>
    <ClCompile Include="..\..\..\Tests\STL\Test_Types_ExtString.cpp">
      <Filter>Types</Filter>
    </ClCompile>
    <ClCompile Include="..\..\..\Tests\STL\Test_Types_FileAddress.cpp">
      <Filter>Types</Filter>
    </ClCompile>
    <ClCompile Include="..\..\..\Tests\STL\Test_Types_Function.cpp">
      <Filter>Types</Filter>
    </ClCompile>
    <ClCompile Include="..\..\..\Tests\STL\Test_Types_StringParser.cpp">
      <Filter>Types</Filter>
    </ClCompile>
    <ClCompile Include="..\..\..\Tests\STL\Test_Types_Union.cpp">
      <Filter>Types</Filter>
    </ClCompile>
    <ClCompile Include="..\..\..\Tests\STL\Test_Types_Cast.cpp">
      <Filter>Types</Filter>
    </ClCompile>
    <ClCompile Include="..\..\..\Tests\STL\Test_Runtime_VirtualTypelist.cpp">
      <Filter>CompileTime</Filter>
    </ClCompile>
    <ClCompile Include="..\..\..\Tests\STL\Test_CompileTime_StringToID.cpp">
      <Filter>CompileTime</Filter>
    </ClCompile>
    <ClCompile Include="..\..\..\Tests\STL\Test_Types_Time.cpp">
      <Filter>Types</Filter>
    </ClCompile>
    <ClCompile Include="..\..\..\Tests\STL\Test_CompileTime_Sequence.cpp">
      <Filter>CompileTime</Filter>
    </ClCompile>
    <ClCompile Include="..\..\..\Tests\STL\Test_Algorithms_InvokeWithVariant.cpp">
      <Filter>Algorithms</Filter>
    </ClCompile>
    <ClCompile Include="..\..\..\Tests\STL\Test_CompileTime_Map.cpp">
      <Filter>CompileTime</Filter>
    </ClCompile>
    <ClCompile Include="..\..\..\Tests\STL\Test_Containers_IndexedArray.cpp">
      <Filter>Containers</Filter>
    </ClCompile>
    <ClCompile Include="..\..\..\Tests\STL\Test_Containers_Adaptors.cpp">
      <Filter>Containers</Filter>
    </ClCompile>
  </ItemGroup>
  <ItemGroup>
    <ClInclude Include="..\..\..\Tests\STL\Debug.h" />
  </ItemGroup>
  <ItemGroup>
    <Filter Include="CompileTime">
      <UniqueIdentifier>{f38b2083-15e9-4113-8a36-0ad1f29f146a}</UniqueIdentifier>
    </Filter>
    <Filter Include="Containers">
      <UniqueIdentifier>{daefddb9-c8dc-4422-96ae-405e65fb9871}</UniqueIdentifier>
    </Filter>
    <Filter Include="Math">
      <UniqueIdentifier>{0e8e4f2e-929a-4b5b-b91e-61248fb23d01}</UniqueIdentifier>
    </Filter>
    <Filter Include="OS">
      <UniqueIdentifier>{0d9ff897-6982-4705-9ac6-1c9c39acc5bc}</UniqueIdentifier>
    </Filter>
    <Filter Include="Script">
      <UniqueIdentifier>{fbb4ee3b-6a1a-4910-9839-403f51724821}</UniqueIdentifier>
    </Filter>
    <Filter Include="Types">
      <UniqueIdentifier>{79645f2f-d23b-4a10-b2ee-b84b7ea809f8}</UniqueIdentifier>
    </Filter>
    <Filter Include="Algorithms">
      <UniqueIdentifier>{9b7639bf-4981-4834-9aad-8f0957230c0e}</UniqueIdentifier>
    </Filter>
  </ItemGroup>
</Project>