<?xml version="1.0" encoding="utf-8"?>
<Project ToolsVersion="4.0" xmlns="http://schemas.microsoft.com/developer/msbuild/2003">
  <ItemGroup>
    <ClInclude Include="..\..\..\Engine\Config\STL.Config.h" />
    <ClInclude Include="..\..\..\Engine\Config\Engine.Config.h" />
    <ClInclude Include="..\..\..\Engine\Config\Engine.Version.h" />
  </ItemGroup>
  <ItemGroup>
    <ClCompile Include="..\..\..\Engine\Config\Main.cpp" />
  </ItemGroup>
</Project>